// !$*UTF8*$!
{
	archiveVersion = 1;
	classes = {
	};
	objectVersion = 46;
	objects = {

/* Begin PBXBuildFile section */
		0A87718220696E4100EEA672 /* main.m in Sources */ = {isa = PBXBuildFile; fileRef = 0A87718120696E4100EEA672 /* main.m */; };
		0A87718520696E4100EEA672 /* AppDelegate.m in Sources */ = {isa = PBXBuildFile; fileRef = 0A87718420696E4100EEA672 /* AppDelegate.m */; };
		0A87718B20696E4100EEA672 /* HealthCenterViewController.m in Sources */ = {isa = PBXBuildFile; fileRef = 0A87718A20696E4100EEA672 /* HealthCenterViewController.m */; };
		0A87718E20696E4100EEA672 /* Main.storyboard in Resources */ = {isa = PBXBuildFile; fileRef = 0A87718C20696E4100EEA672 /* Main.storyboard */; };
		0A87719020696E4100EEA672 /* Assets.xcassets in Resources */ = {isa = PBXBuildFile; fileRef = 0A87718F20696E4100EEA672 /* Assets.xcassets */; };
		0A87719320696E4100EEA672 /* LaunchScreen.storyboard in Resources */ = {isa = PBXBuildFile; fileRef = 0A87719120696E4100EEA672 /* LaunchScreen.storyboard */; };
		0A8771C0206AE4B200EEA672 /* BuckViewController.m in Sources */ = {isa = PBXBuildFile; fileRef = 0A8771B7206AE4B200EEA672 /* BuckViewController.m */; };
		0A8771C1206AE4B200EEA672 /* MJDetailViewController.m in Sources */ = {isa = PBXBuildFile; fileRef = 0A8771B9206AE4B200EEA672 /* MJDetailViewController.m */; };
		0A8771C2206AE4B200EEA672 /* MJDetailViewController.xib in Resources */ = {isa = PBXBuildFile; fileRef = 0A8771BA206AE4B200EEA672 /* MJDetailViewController.xib */; };
		0A8771C3206AE4B200EEA672 /* MJPopupBackgroundView.m in Sources */ = {isa = PBXBuildFile; fileRef = 0A8771BC206AE4B200EEA672 /* MJPopupBackgroundView.m */; };
		0A8771C4206AE4B200EEA672 /* UIViewController+MJPopupViewController.m in Sources */ = {isa = PBXBuildFile; fileRef = 0A8771BE206AE4B200EEA672 /* UIViewController+MJPopupViewController.m */; };
		0A8771C7206AE57D00EEA672 /* Calendar.storyboard in Resources */ = {isa = PBXBuildFile; fileRef = 0A8771C6206AE57D00EEA672 /* Calendar.storyboard */; };
		0A87720A206B0B3000EEA672 /* MessageUI.framework in Frameworks */ = {isa = PBXBuildFile; fileRef = 0A877209206B0B3000EEA672 /* MessageUI.framework */; };
		0A9B59D7206BCA1B00B09F2A /* RequestAppointmentHealth.m in Sources */ = {isa = PBXBuildFile; fileRef = 0A9B59D6206BCA1A00B09F2A /* RequestAppointmentHealth.m */; };
		0A9B59E6206DA46100B09F2A /* RequestAppointmentCounseling.m in Sources */ = {isa = PBXBuildFile; fileRef = 0A9B59E5206DA46100B09F2A /* RequestAppointmentCounseling.m */; };
		3CFEFB1A207161D4004B2654 /* LoginViewController.m in Sources */ = {isa = PBXBuildFile; fileRef = 3CFEFB19207161D4004B2654 /* LoginViewController.m */; };
		3CFEFB1D20717A35004B2654 /* ProfileViewController.m in Sources */ = {isa = PBXBuildFile; fileRef = 3CFEFB1C20717A35004B2654 /* ProfileViewController.m */; };
		3CFEFB202071E8BA004B2654 /* UserInfo.m in Sources */ = {isa = PBXBuildFile; fileRef = 3CFEFB1F2071E8BA004B2654 /* UserInfo.m */; };
		3CFEFB232072A6F2004B2654 /* LoginSegue.m in Sources */ = {isa = PBXBuildFile; fileRef = 3CFEFB222072A6F2004B2654 /* LoginSegue.m */; };
/* End PBXBuildFile section */

/* Begin PBXContainerItemProxy section */
		0A87719A20696E4100EEA672 /* PBXContainerItemProxy */ = {
			isa = PBXContainerItemProxy;
			containerPortal = 0A87717520696E4100EEA672 /* Project object */;
			proxyType = 1;
			remoteGlobalIDString = 0A87717C20696E4100EEA672;
			remoteInfo = "HCI Project";
		};
		0A8771A520696E4100EEA672 /* PBXContainerItemProxy */ = {
			isa = PBXContainerItemProxy;
			containerPortal = 0A87717520696E4100EEA672 /* Project object */;
			proxyType = 1;
			remoteGlobalIDString = 0A87717C20696E4100EEA672;
			remoteInfo = "HCI Project";
		};
/* End PBXContainerItemProxy section */

/* Begin PBXFileReference section */
		0A87717D20696E4100EEA672 /* HCI Project.app */ = {isa = PBXFileReference; explicitFileType = wrapper.application; includeInIndex = 0; path = "HCI Project.app"; sourceTree = BUILT_PRODUCTS_DIR; };
		0A87718120696E4100EEA672 /* main.m */ = {isa = PBXFileReference; lastKnownFileType = sourcecode.c.objc; path = main.m; sourceTree = "<group>"; };
		0A87718320696E4100EEA672 /* AppDelegate.h */ = {isa = PBXFileReference; lastKnownFileType = sourcecode.c.h; path = AppDelegate.h; sourceTree = "<group>"; };
		0A87718420696E4100EEA672 /* AppDelegate.m */ = {isa = PBXFileReference; fileEncoding = 4; lastKnownFileType = sourcecode.c.objc; path = AppDelegate.m; sourceTree = "<group>"; };
		0A87718920696E4100EEA672 /* HealthCenterViewController.h */ = {isa = PBXFileReference; lastKnownFileType = sourcecode.c.h; path = HealthCenterViewController.h; sourceTree = "<group>"; };
		0A87718A20696E4100EEA672 /* HealthCenterViewController.m */ = {isa = PBXFileReference; lastKnownFileType = sourcecode.c.objc; path = HealthCenterViewController.m; sourceTree = "<group>"; };
		0A87718D20696E4100EEA672 /* Base */ = {isa = PBXFileReference; lastKnownFileType = file.storyboard; name = Base; path = Base.lproj/Main.storyboard; sourceTree = "<group>"; };
		0A87718F20696E4100EEA672 /* Assets.xcassets */ = {isa = PBXFileReference; lastKnownFileType = folder.assetcatalog; path = Assets.xcassets; sourceTree = "<group>"; };
		0A87719220696E4100EEA672 /* Base */ = {isa = PBXFileReference; lastKnownFileType = file.storyboard; name = Base; path = Base.lproj/LaunchScreen.storyboard; sourceTree = "<group>"; };
		0A87719420696E4100EEA672 /* Info.plist */ = {isa = PBXFileReference; lastKnownFileType = text.plist.xml; path = Info.plist; sourceTree = "<group>"; };
		0A87719920696E4100EEA672 /* HCI ProjectTests.xctest */ = {isa = PBXFileReference; explicitFileType = wrapper.cfbundle; includeInIndex = 0; path = "HCI ProjectTests.xctest"; sourceTree = BUILT_PRODUCTS_DIR; };
		0A8771A420696E4100EEA672 /* HCI ProjectUITests.xctest */ = {isa = PBXFileReference; explicitFileType = wrapper.cfbundle; includeInIndex = 0; path = "HCI ProjectUITests.xctest"; sourceTree = BUILT_PRODUCTS_DIR; };
		0A8771B6206AE4B200EEA672 /* BuckViewController.h */ = {isa = PBXFileReference; fileEncoding = 4; lastKnownFileType = sourcecode.c.h; path = BuckViewController.h; sourceTree = "<group>"; };
		0A8771B7206AE4B200EEA672 /* BuckViewController.m */ = {isa = PBXFileReference; fileEncoding = 4; lastKnownFileType = sourcecode.c.objc; path = BuckViewController.m; sourceTree = "<group>"; };
		0A8771B8206AE4B200EEA672 /* MJDetailViewController.h */ = {isa = PBXFileReference; fileEncoding = 4; lastKnownFileType = sourcecode.c.h; path = MJDetailViewController.h; sourceTree = "<group>"; };
		0A8771B9206AE4B200EEA672 /* MJDetailViewController.m */ = {isa = PBXFileReference; fileEncoding = 4; lastKnownFileType = sourcecode.c.objc; path = MJDetailViewController.m; sourceTree = "<group>"; };
		0A8771BA206AE4B200EEA672 /* MJDetailViewController.xib */ = {isa = PBXFileReference; fileEncoding = 4; lastKnownFileType = file.xib; path = MJDetailViewController.xib; sourceTree = "<group>"; };
		0A8771BB206AE4B200EEA672 /* MJPopupBackgroundView.h */ = {isa = PBXFileReference; fileEncoding = 4; lastKnownFileType = sourcecode.c.h; path = MJPopupBackgroundView.h; sourceTree = "<group>"; };
		0A8771BC206AE4B200EEA672 /* MJPopupBackgroundView.m */ = {isa = PBXFileReference; fileEncoding = 4; lastKnownFileType = sourcecode.c.objc; path = MJPopupBackgroundView.m; sourceTree = "<group>"; };
		0A8771BD206AE4B200EEA672 /* UIViewController+MJPopupViewController.h */ = {isa = PBXFileReference; fileEncoding = 4; lastKnownFileType = sourcecode.c.h; path = "UIViewController+MJPopupViewController.h"; sourceTree = "<group>"; };
		0A8771BE206AE4B200EEA672 /* UIViewController+MJPopupViewController.m */ = {isa = PBXFileReference; fileEncoding = 4; lastKnownFileType = sourcecode.c.objc; path = "UIViewController+MJPopupViewController.m"; sourceTree = "<group>"; };
		0A8771C6206AE57D00EEA672 /* Calendar.storyboard */ = {isa = PBXFileReference; fileEncoding = 4; lastKnownFileType = file.storyboard; path = Calendar.storyboard; sourceTree = "<group>"; };
		0A877209206B0B3000EEA672 /* MessageUI.framework */ = {isa = PBXFileReference; lastKnownFileType = wrapper.framework; name = MessageUI.framework; path = System/Library/Frameworks/MessageUI.framework; sourceTree = SDKROOT; };
		0A9B59D5206BC9A400B09F2A /* RequestAppointmentHealth.h */ = {isa = PBXFileReference; lastKnownFileType = sourcecode.c.h; path = RequestAppointmentHealth.h; sourceTree = "<group>"; };
		0A9B59D6206BCA1A00B09F2A /* RequestAppointmentHealth.m */ = {isa = PBXFileReference; lastKnownFileType = sourcecode.c.objc; path = RequestAppointmentHealth.m; sourceTree = "<group>"; };
		0A9B59E4206DA46100B09F2A /* RequestAppointmentCounseling.h */ = {isa = PBXFileReference; lastKnownFileType = sourcecode.c.h; path = RequestAppointmentCounseling.h; sourceTree = "<group>"; };
		0A9B59E5206DA46100B09F2A /* RequestAppointmentCounseling.m */ = {isa = PBXFileReference; lastKnownFileType = sourcecode.c.objc; path = RequestAppointmentCounseling.m; sourceTree = "<group>"; };
		3CFEFB18207161D4004B2654 /* LoginViewController.h */ = {isa = PBXFileReference; lastKnownFileType = sourcecode.c.h; path = LoginViewController.h; sourceTree = "<group>"; };
		3CFEFB19207161D4004B2654 /* LoginViewController.m */ = {isa = PBXFileReference; lastKnownFileType = sourcecode.c.objc; path = LoginViewController.m; sourceTree = "<group>"; };
		3CFEFB1B20717A35004B2654 /* ProfileViewController.h */ = {isa = PBXFileReference; lastKnownFileType = sourcecode.c.h; path = ProfileViewController.h; sourceTree = "<group>"; };
		3CFEFB1C20717A35004B2654 /* ProfileViewController.m */ = {isa = PBXFileReference; lastKnownFileType = sourcecode.c.objc; path = ProfileViewController.m; sourceTree = "<group>"; };
		3CFEFB1E2071E8BA004B2654 /* UserInfo.h */ = {isa = PBXFileReference; lastKnownFileType = sourcecode.c.h; path = UserInfo.h; sourceTree = "<group>"; };
		3CFEFB1F2071E8BA004B2654 /* UserInfo.m */ = {isa = PBXFileReference; lastKnownFileType = sourcecode.c.objc; path = UserInfo.m; sourceTree = "<group>"; };
		3CFEFB212072A6F2004B2654 /* LoginSegue.h */ = {isa = PBXFileReference; lastKnownFileType = sourcecode.c.h; path = LoginSegue.h; sourceTree = "<group>"; };
		3CFEFB222072A6F2004B2654 /* LoginSegue.m */ = {isa = PBXFileReference; lastKnownFileType = sourcecode.c.objc; path = LoginSegue.m; sourceTree = "<group>"; };
/* End PBXFileReference section */

/* Begin PBXFrameworksBuildPhase section */
		0A87717A20696E4100EEA672 /* Frameworks */ = {
			isa = PBXFrameworksBuildPhase;
			buildActionMask = 2147483647;
			files = (
				0A87720A206B0B3000EEA672 /* MessageUI.framework in Frameworks */,
			);
			runOnlyForDeploymentPostprocessing = 0;
		};
		0A87719620696E4100EEA672 /* Frameworks */ = {
			isa = PBXFrameworksBuildPhase;
			buildActionMask = 2147483647;
			files = (
			);
			runOnlyForDeploymentPostprocessing = 0;
		};
		0A8771A120696E4100EEA672 /* Frameworks */ = {
			isa = PBXFrameworksBuildPhase;
			buildActionMask = 2147483647;
			files = (
			);
			runOnlyForDeploymentPostprocessing = 0;
		};
/* End PBXFrameworksBuildPhase section */

/* Begin PBXGroup section */
		0A87717420696E4100EEA672 = {
			isa = PBXGroup;
			children = (
				0A877209206B0B3000EEA672 /* MessageUI.framework */,
				0A87717F20696E4100EEA672 /* HCI Project */,
				0A87717E20696E4100EEA672 /* Products */,
			);
			sourceTree = "<group>";
		};
		0A87717E20696E4100EEA672 /* Products */ = {
			isa = PBXGroup;
			children = (
				0A87717D20696E4100EEA672 /* HCI Project.app */,
				0A87719920696E4100EEA672 /* HCI ProjectTests.xctest */,
				0A8771A420696E4100EEA672 /* HCI ProjectUITests.xctest */,
			);
			name = Products;
			sourceTree = "<group>";
		};
		0A87717F20696E4100EEA672 /* HCI Project */ = {
			isa = PBXGroup;
			children = (
				0A8771B6206AE4B200EEA672 /* BuckViewController.h */,
				0A8771B7206AE4B200EEA672 /* BuckViewController.m */,
				0A8771B8206AE4B200EEA672 /* MJDetailViewController.h */,
				0A8771B9206AE4B200EEA672 /* MJDetailViewController.m */,
				0A8771BA206AE4B200EEA672 /* MJDetailViewController.xib */,
				0A8771BB206AE4B200EEA672 /* MJPopupBackgroundView.h */,
				0A8771BC206AE4B200EEA672 /* MJPopupBackgroundView.m */,
				0A8771BD206AE4B200EEA672 /* UIViewController+MJPopupViewController.h */,
				3CFEFB18207161D4004B2654 /* LoginViewController.h */,
				3CFEFB19207161D4004B2654 /* LoginViewController.m */,
				3CFEFB1B20717A35004B2654 /* ProfileViewController.h */,
				3CFEFB1C20717A35004B2654 /* ProfileViewController.m */,
				3CFEFB212072A6F2004B2654 /* LoginSegue.h */,
				3CFEFB222072A6F2004B2654 /* LoginSegue.m */,
				3CFEFB1E2071E8BA004B2654 /* UserInfo.h */,
				3CFEFB1F2071E8BA004B2654 /* UserInfo.m */,
				0A8771BE206AE4B200EEA672 /* UIViewController+MJPopupViewController.m */,
				0A87718320696E4100EEA672 /* AppDelegate.h */,
				0A87718420696E4100EEA672 /* AppDelegate.m */,
				0A9B59D6206BCA1A00B09F2A /* RequestAppointmentHealth.m */,
				0A9B59D5206BC9A400B09F2A /* RequestAppointmentHealth.h */,
				0A8771C6206AE57D00EEA672 /* Calendar.storyboard */,
				0A9B59E4206DA46100B09F2A /* RequestAppointmentCounseling.h */,
				0A9B59E5206DA46100B09F2A /* RequestAppointmentCounseling.m */,
				0A87718920696E4100EEA672 /* HealthCenterViewController.h */,
				0A87718A20696E4100EEA672 /* HealthCenterViewController.m */,
				0A87718C20696E4100EEA672 /* Main.storyboard */,
				0A87718F20696E4100EEA672 /* Assets.xcassets */,
				0A87719120696E4100EEA672 /* LaunchScreen.storyboard */,
				0A87719420696E4100EEA672 /* Info.plist */,
				0A87718020696E4100EEA672 /* Supporting Files */,
			);
			name = "HCI Project";
			sourceTree = "<group>";
		};
		0A87718020696E4100EEA672 /* Supporting Files */ = {
			isa = PBXGroup;
			children = (
				0A87718120696E4100EEA672 /* main.m */,
			);
			name = "Supporting Files";
			sourceTree = "<group>";
		};
/* End PBXGroup section */

/* Begin PBXNativeTarget section */
		0A87717C20696E4100EEA672 /* HCI Project */ = {
			isa = PBXNativeTarget;
			buildConfigurationList = 0A8771AD20696E4100EEA672 /* Build configuration list for PBXNativeTarget "HCI Project" */;
			buildPhases = (
				0A87717920696E4100EEA672 /* Sources */,
				0A87717A20696E4100EEA672 /* Frameworks */,
				0A87717B20696E4100EEA672 /* Resources */,
			);
			buildRules = (
			);
			dependencies = (
			);
			name = "HCI Project";
			productName = "HCI Project";
			productReference = 0A87717D20696E4100EEA672 /* HCI Project.app */;
			productType = "com.apple.product-type.application";
		};
		0A87719820696E4100EEA672 /* HCI ProjectTests */ = {
			isa = PBXNativeTarget;
			buildConfigurationList = 0A8771B020696E4100EEA672 /* Build configuration list for PBXNativeTarget "HCI ProjectTests" */;
			buildPhases = (
				0A87719520696E4100EEA672 /* Sources */,
				0A87719620696E4100EEA672 /* Frameworks */,
				0A87719720696E4100EEA672 /* Resources */,
			);
			buildRules = (
			);
			dependencies = (
				0A87719B20696E4100EEA672 /* PBXTargetDependency */,
			);
			name = "HCI ProjectTests";
			productName = "HCI ProjectTests";
			productReference = 0A87719920696E4100EEA672 /* HCI ProjectTests.xctest */;
			productType = "com.apple.product-type.bundle.unit-test";
		};
		0A8771A320696E4100EEA672 /* HCI ProjectUITests */ = {
			isa = PBXNativeTarget;
			buildConfigurationList = 0A8771B320696E4100EEA672 /* Build configuration list for PBXNativeTarget "HCI ProjectUITests" */;
			buildPhases = (
				0A8771A020696E4100EEA672 /* Sources */,
				0A8771A120696E4100EEA672 /* Frameworks */,
				0A8771A220696E4100EEA672 /* Resources */,
			);
			buildRules = (
			);
			dependencies = (
				0A8771A620696E4100EEA672 /* PBXTargetDependency */,
			);
			name = "HCI ProjectUITests";
			productName = "HCI ProjectUITests";
			productReference = 0A8771A420696E4100EEA672 /* HCI ProjectUITests.xctest */;
			productType = "com.apple.product-type.bundle.ui-testing";
		};
/* End PBXNativeTarget section */

/* Begin PBXProject section */
		0A87717520696E4100EEA672 /* Project object */ = {
			isa = PBXProject;
			attributes = {
				LastUpgradeCheck = 0920;
				ORGANIZATIONNAME = "Michelle Albright";
				TargetAttributes = {
					0A87717C20696E4100EEA672 = {
						CreatedOnToolsVersion = 7.3.1;
						DevelopmentTeam = 58KQWW3M7K;
					};
					0A87719820696E4100EEA672 = {
						CreatedOnToolsVersion = 7.3.1;
						TestTargetID = 0A87717C20696E4100EEA672;
					};
					0A8771A320696E4100EEA672 = {
						CreatedOnToolsVersion = 7.3.1;
						TestTargetID = 0A87717C20696E4100EEA672;
					};
				};
			};
			buildConfigurationList = 0A87717820696E4100EEA672 /* Build configuration list for PBXProject "HCI Project" */;
			compatibilityVersion = "Xcode 3.2";
			developmentRegion = English;
			hasScannedForEncodings = 0;
			knownRegions = (
				en,
				Base,
			);
			mainGroup = 0A87717420696E4100EEA672;
			productRefGroup = 0A87717E20696E4100EEA672 /* Products */;
			projectDirPath = "";
			projectRoot = "";
			targets = (
				0A87717C20696E4100EEA672 /* HCI Project */,
				0A87719820696E4100EEA672 /* HCI ProjectTests */,
				0A8771A320696E4100EEA672 /* HCI ProjectUITests */,
			);
		};
/* End PBXProject section */

/* Begin PBXResourcesBuildPhase section */
		0A87717B20696E4100EEA672 /* Resources */ = {
			isa = PBXResourcesBuildPhase;
			buildActionMask = 2147483647;
			files = (
				0A8771C2206AE4B200EEA672 /* MJDetailViewController.xib in Resources */,
				0A87719320696E4100EEA672 /* LaunchScreen.storyboard in Resources */,
				0A8771C7206AE57D00EEA672 /* Calendar.storyboard in Resources */,
				0A87719020696E4100EEA672 /* Assets.xcassets in Resources */,
				0A87718E20696E4100EEA672 /* Main.storyboard in Resources */,
			);
			runOnlyForDeploymentPostprocessing = 0;
		};
		0A87719720696E4100EEA672 /* Resources */ = {
			isa = PBXResourcesBuildPhase;
			buildActionMask = 2147483647;
			files = (
			);
			runOnlyForDeploymentPostprocessing = 0;
		};
		0A8771A220696E4100EEA672 /* Resources */ = {
			isa = PBXResourcesBuildPhase;
			buildActionMask = 2147483647;
			files = (
			);
			runOnlyForDeploymentPostprocessing = 0;
		};
/* End PBXResourcesBuildPhase section */

/* Begin PBXSourcesBuildPhase section */
		0A87717920696E4100EEA672 /* Sources */ = {
			isa = PBXSourcesBuildPhase;
			buildActionMask = 2147483647;
			files = (
				0A9B59D7206BCA1B00B09F2A /* RequestAppointmentHealth.m in Sources */,
				0A87718B20696E4100EEA672 /* HealthCenterViewController.m in Sources */,
				0A87718520696E4100EEA672 /* AppDelegate.m in Sources */,
				0A8771C1206AE4B200EEA672 /* MJDetailViewController.m in Sources */,
				3CFEFB202071E8BA004B2654 /* UserInfo.m in Sources */,
				3CFEFB1A207161D4004B2654 /* LoginViewController.m in Sources */,
				0A87718220696E4100EEA672 /* main.m in Sources */,
				0A8771C4206AE4B200EEA672 /* UIViewController+MJPopupViewController.m in Sources */,
				3CFEFB232072A6F2004B2654 /* LoginSegue.m in Sources */,
				0A8771C0206AE4B200EEA672 /* BuckViewController.m in Sources */,
				3CFEFB1D20717A35004B2654 /* ProfileViewController.m in Sources */,
				0A8771C3206AE4B200EEA672 /* MJPopupBackgroundView.m in Sources */,
				0A9B59E6206DA46100B09F2A /* RequestAppointmentCounseling.m in Sources */,
			);
			runOnlyForDeploymentPostprocessing = 0;
		};
		0A87719520696E4100EEA672 /* Sources */ = {
			isa = PBXSourcesBuildPhase;
			buildActionMask = 2147483647;
			files = (
			);
			runOnlyForDeploymentPostprocessing = 0;
		};
		0A8771A020696E4100EEA672 /* Sources */ = {
			isa = PBXSourcesBuildPhase;
			buildActionMask = 2147483647;
			files = (
			);
			runOnlyForDeploymentPostprocessing = 0;
		};
/* End PBXSourcesBuildPhase section */

/* Begin PBXTargetDependency section */
		0A87719B20696E4100EEA672 /* PBXTargetDependency */ = {
			isa = PBXTargetDependency;
			target = 0A87717C20696E4100EEA672 /* HCI Project */;
			targetProxy = 0A87719A20696E4100EEA672 /* PBXContainerItemProxy */;
		};
		0A8771A620696E4100EEA672 /* PBXTargetDependency */ = {
			isa = PBXTargetDependency;
			target = 0A87717C20696E4100EEA672 /* HCI Project */;
			targetProxy = 0A8771A520696E4100EEA672 /* PBXContainerItemProxy */;
		};
/* End PBXTargetDependency section */

/* Begin PBXVariantGroup section */
		0A87718C20696E4100EEA672 /* Main.storyboard */ = {
			isa = PBXVariantGroup;
			children = (
				0A87718D20696E4100EEA672 /* Base */,
			);
			name = Main.storyboard;
			sourceTree = "<group>";
		};
		0A87719120696E4100EEA672 /* LaunchScreen.storyboard */ = {
			isa = PBXVariantGroup;
			children = (
				0A87719220696E4100EEA672 /* Base */,
			);
			name = LaunchScreen.storyboard;
			sourceTree = "<group>";
		};
/* End PBXVariantGroup section */

/* Begin XCBuildConfiguration section */
		0A8771AB20696E4100EEA672 /* Debug */ = {
			isa = XCBuildConfiguration;
			buildSettings = {
				ALWAYS_SEARCH_USER_PATHS = NO;
				CLANG_ANALYZER_NONNULL = YES;
				CLANG_CXX_LANGUAGE_STANDARD = "gnu++0x";
				CLANG_CXX_LIBRARY = "libc++";
				CLANG_ENABLE_MODULES = YES;
				CLANG_ENABLE_OBJC_ARC = YES;
				CLANG_WARN_BLOCK_CAPTURE_AUTORELEASING = YES;
				CLANG_WARN_BOOL_CONVERSION = YES;
				CLANG_WARN_COMMA = YES;
				CLANG_WARN_CONSTANT_CONVERSION = YES;
				CLANG_WARN_DIRECT_OBJC_ISA_USAGE = YES_ERROR;
				CLANG_WARN_EMPTY_BODY = YES;
				CLANG_WARN_ENUM_CONVERSION = YES;
				CLANG_WARN_INFINITE_RECURSION = YES;
				CLANG_WARN_INT_CONVERSION = YES;
				CLANG_WARN_NON_LITERAL_NULL_CONVERSION = YES;
				CLANG_WARN_OBJC_LITERAL_CONVERSION = YES;
				CLANG_WARN_OBJC_ROOT_CLASS = YES_ERROR;
				CLANG_WARN_RANGE_LOOP_ANALYSIS = YES;
				CLANG_WARN_STRICT_PROTOTYPES = YES;
				CLANG_WARN_SUSPICIOUS_MOVE = YES;
				CLANG_WARN_UNREACHABLE_CODE = YES;
				CLANG_WARN__DUPLICATE_METHOD_MATCH = YES;
				"CODE_SIGN_IDENTITY[sdk=iphoneos*]" = "iPhone Developer";
				COPY_PHASE_STRIP = NO;
				DEBUG_INFORMATION_FORMAT = dwarf;
				ENABLE_STRICT_OBJC_MSGSEND = YES;
				ENABLE_TESTABILITY = YES;
				GCC_C_LANGUAGE_STANDARD = gnu99;
				GCC_DYNAMIC_NO_PIC = NO;
				GCC_NO_COMMON_BLOCKS = YES;
				GCC_OPTIMIZATION_LEVEL = 0;
				GCC_PREPROCESSOR_DEFINITIONS = (
					"DEBUG=1",
					"$(inherited)",
				);
				GCC_WARN_64_TO_32_BIT_CONVERSION = YES;
				GCC_WARN_ABOUT_RETURN_TYPE = YES_ERROR;
				GCC_WARN_UNDECLARED_SELECTOR = YES;
				GCC_WARN_UNINITIALIZED_AUTOS = YES_AGGRESSIVE;
				GCC_WARN_UNUSED_FUNCTION = YES;
				GCC_WARN_UNUSED_VARIABLE = YES;
				IPHONEOS_DEPLOYMENT_TARGET = 8.4;
				MTL_ENABLE_DEBUG_INFO = YES;
				ONLY_ACTIVE_ARCH = YES;
				SDKROOT = iphoneos;
				TARGETED_DEVICE_FAMILY = "1,2";
			};
			name = Debug;
		};
		0A8771AC20696E4100EEA672 /* Release */ = {
			isa = XCBuildConfiguration;
			buildSettings = {
				ALWAYS_SEARCH_USER_PATHS = NO;
				CLANG_ANALYZER_NONNULL = YES;
				CLANG_CXX_LANGUAGE_STANDARD = "gnu++0x";
				CLANG_CXX_LIBRARY = "libc++";
				CLANG_ENABLE_MODULES = YES;
				CLANG_ENABLE_OBJC_ARC = YES;
				CLANG_WARN_BLOCK_CAPTURE_AUTORELEASING = YES;
				CLANG_WARN_BOOL_CONVERSION = YES;
				CLANG_WARN_COMMA = YES;
				CLANG_WARN_CONSTANT_CONVERSION = YES;
				CLANG_WARN_DIRECT_OBJC_ISA_USAGE = YES_ERROR;
				CLANG_WARN_EMPTY_BODY = YES;
				CLANG_WARN_ENUM_CONVERSION = YES;
				CLANG_WARN_INFINITE_RECURSION = YES;
				CLANG_WARN_INT_CONVERSION = YES;
				CLANG_WARN_NON_LITERAL_NULL_CONVERSION = YES;
				CLANG_WARN_OBJC_LITERAL_CONVERSION = YES;
				CLANG_WARN_OBJC_ROOT_CLASS = YES_ERROR;
				CLANG_WARN_RANGE_LOOP_ANALYSIS = YES;
				CLANG_WARN_STRICT_PROTOTYPES = YES;
				CLANG_WARN_SUSPICIOUS_MOVE = YES;
				CLANG_WARN_UNREACHABLE_CODE = YES;
				CLANG_WARN__DUPLICATE_METHOD_MATCH = YES;
				"CODE_SIGN_IDENTITY[sdk=iphoneos*]" = "iPhone Developer";
				COPY_PHASE_STRIP = NO;
				DEBUG_INFORMATION_FORMAT = "dwarf-with-dsym";
				ENABLE_NS_ASSERTIONS = NO;
				ENABLE_STRICT_OBJC_MSGSEND = YES;
				GCC_C_LANGUAGE_STANDARD = gnu99;
				GCC_NO_COMMON_BLOCKS = YES;
				GCC_WARN_64_TO_32_BIT_CONVERSION = YES;
				GCC_WARN_ABOUT_RETURN_TYPE = YES_ERROR;
				GCC_WARN_UNDECLARED_SELECTOR = YES;
				GCC_WARN_UNINITIALIZED_AUTOS = YES_AGGRESSIVE;
				GCC_WARN_UNUSED_FUNCTION = YES;
				GCC_WARN_UNUSED_VARIABLE = YES;
				IPHONEOS_DEPLOYMENT_TARGET = 8.4;
				MTL_ENABLE_DEBUG_INFO = NO;
				SDKROOT = iphoneos;
				TARGETED_DEVICE_FAMILY = "1,2";
				VALIDATE_PRODUCT = YES;
			};
			name = Release;
		};
		0A8771AE20696E4100EEA672 /* Debug */ = {
			isa = XCBuildConfiguration;
			buildSettings = {
				ASSETCATALOG_COMPILER_APPICON_NAME = AppIcon;
				DEVELOPMENT_TEAM = 58KQWW3M7K;
				INFOPLIST_FILE = "$(SRCROOT)/Info.plist";
				LD_RUNPATH_SEARCH_PATHS = "$(inherited) @executable_path/Frameworks";
				PRODUCT_BUNDLE_IDENTIFIER = "Systems.HCI-Project";
				PRODUCT_NAME = "$(TARGET_NAME)";
			};
			name = Debug;
		};
		0A8771AF20696E4100EEA672 /* Release */ = {
			isa = XCBuildConfiguration;
			buildSettings = {
				ASSETCATALOG_COMPILER_APPICON_NAME = AppIcon;
				DEVELOPMENT_TEAM = 58KQWW3M7K;
				INFOPLIST_FILE = "$(SRCROOT)/Info.plist";
				LD_RUNPATH_SEARCH_PATHS = "$(inherited) @executable_path/Frameworks";
				PRODUCT_BUNDLE_IDENTIFIER = "Systems.HCI-Project";
				PRODUCT_NAME = "$(TARGET_NAME)";
			};
			name = Release;
		};
		0A8771B120696E4100EEA672 /* Debug */ = {
			isa = XCBuildConfiguration;
			buildSettings = {
				BUNDLE_LOADER = "$(TEST_HOST)";
				INFOPLIST_FILE = "HCI ProjectTests/Info.plist";
				LD_RUNPATH_SEARCH_PATHS = "$(inherited) @executable_path/Frameworks @loader_path/Frameworks";
				PRODUCT_BUNDLE_IDENTIFIER = "Systems.HCI-ProjectTests";
				PRODUCT_NAME = "$(TARGET_NAME)";
				TEST_HOST = "$(BUILT_PRODUCTS_DIR)/HCI Project.app/HCI Project";
			};
			name = Debug;
		};
		0A8771B220696E4100EEA672 /* Release */ = {
			isa = XCBuildConfiguration;
			buildSettings = {
				BUNDLE_LOADER = "$(TEST_HOST)";
				INFOPLIST_FILE = "HCI ProjectTests/Info.plist";
				LD_RUNPATH_SEARCH_PATHS = "$(inherited) @executable_path/Frameworks @loader_path/Frameworks";
				PRODUCT_BUNDLE_IDENTIFIER = "Systems.HCI-ProjectTests";
				PRODUCT_NAME = "$(TARGET_NAME)";
				TEST_HOST = "$(BUILT_PRODUCTS_DIR)/HCI Project.app/HCI Project";
			};
			name = Release;
		};
		0A8771B420696E4100EEA672 /* Debug */ = {
			isa = XCBuildConfiguration;
			buildSettings = {
				INFOPLIST_FILE = "HCI ProjectUITests/Info.plist";
				LD_RUNPATH_SEARCH_PATHS = "$(inherited) @executable_path/Frameworks @loader_path/Frameworks";
				PRODUCT_BUNDLE_IDENTIFIER = "Systems.HCI-ProjectUITests";
				PRODUCT_NAME = "$(TARGET_NAME)";
				TEST_TARGET_NAME = "HCI Project";
			};
			name = Debug;
		};
		0A8771B520696E4100EEA672 /* Release */ = {
			isa = XCBuildConfiguration;
			buildSettings = {
				INFOPLIST_FILE = "HCI ProjectUITests/Info.plist";
				LD_RUNPATH_SEARCH_PATHS = "$(inherited) @executable_path/Frameworks @loader_path/Frameworks";
				PRODUCT_BUNDLE_IDENTIFIER = "Systems.HCI-ProjectUITests";
				PRODUCT_NAME = "$(TARGET_NAME)";
				TEST_TARGET_NAME = "HCI Project";
			};
			name = Release;
		};
/* End XCBuildConfiguration section */

/* Begin XCConfigurationList section */
		0A87717820696E4100EEA672 /* Build configuration list for PBXProject "HCI Project" */ = {
			isa = XCConfigurationList;
			buildConfigurations = (
				0A8771AB20696E4100EEA672 /* Debug */,
				0A8771AC20696E4100EEA672 /* Release */,
			);
			defaultConfigurationIsVisible = 0;
			defaultConfigurationName = Release;
		};
		0A8771AD20696E4100EEA672 /* Build configuration list for PBXNativeTarget "HCI Project" */ = {
			isa = XCConfigurationList;
			buildConfigurations = (
				0A8771AE20696E4100EEA672 /* Debug */,
				0A8771AF20696E4100EEA672 /* Release */,
			);
			defaultConfigurationIsVisible = 0;
			defaultConfigurationName = Release;
		};
		0A8771B020696E4100EEA672 /* Build configuration list for PBXNativeTarget "HCI ProjectTests" */ = {
			isa = XCConfigurationList;
			buildConfigurations = (
				0A8771B120696E4100EEA672 /* Debug */,
				0A8771B220696E4100EEA672 /* Release */,
			);
			defaultConfigurationIsVisible = 0;
			defaultConfigurationName = Release;
		};
		0A8771B320696E4100EEA672 /* Build configuration list for PBXNativeTarget "HCI ProjectUITests" */ = {
			isa = XCConfigurationList;
			buildConfigurations = (
				0A8771B420696E4100EEA672 /* Debug */,
				0A8771B520696E4100EEA672 /* Release */,
			);
			defaultConfigurationIsVisible = 0;
			defaultConfigurationName = Release;
		};
/* End XCConfigurationList section */
	};
	rootObject = 0A87717520696E4100EEA672 /* Project object */;
}
