// !$*UTF8*$!
{
	archiveVersion = 1;
	classes = {
	};
	objectVersion = 46;
	objects = {

/* Begin PBXBuildFile section */
		0A87718220696E4100EEA672 /* main.m in Sources */ = {isa = PBXBuildFile; fileRef = 0A87718120696E4100EEA672 /* main.m */; };
		0A87718520696E4100EEA672 /* AppDelegate.m in Sources */ = {isa = PBXBuildFile; fileRef = 0A87718420696E4100EEA672 /* AppDelegate.m */; };
		0A87718B20696E4100EEA672 /* HealthCenterViewController.m in Sources */ = {isa = PBXBuildFile; fileRef = 0A87718A20696E4100EEA672 /* HealthCenterViewController.m */; };
		0A87718E20696E4100EEA672 /* Main.storyboard in Resources */ = {isa = PBXBuildFile; fileRef = 0A87718C20696E4100EEA672 /* Main.storyboard */; };
		0A87719020696E4100EEA672 /* Assets.xcassets in Resources */ = {isa = PBXBuildFile; fileRef = 0A87718F20696E4100EEA672 /* Assets.xcassets */; };
		0A87719320696E4100EEA672 /* LaunchScreen.storyboard in Resources */ = {isa = PBXBuildFile; fileRef = 0A87719120696E4100EEA672 /* LaunchScreen.storyboard */; };
		0A8771C0206AE4B200EEA672 /* BuckViewController.m in Sources */ = {isa = PBXBuildFile; fileRef = 0A8771B7206AE4B200EEA672 /* BuckViewController.m */; };
		0A8771C1206AE4B200EEA672 /* MJDetailViewController.m in Sources */ = {isa = PBXBuildFile; fileRef = 0A8771B9206AE4B200EEA672 /* MJDetailViewController.m */; };
		0A8771C2206AE4B200EEA672 /* MJDetailViewController.xib in Resources */ = {isa = PBXBuildFile; fileRef = 0A8771BA206AE4B200EEA672 /* MJDetailViewController.xib */; };
		0A8771C3206AE4B200EEA672 /* MJPopupBackgroundView.m in Sources */ = {isa = PBXBuildFile; fileRef = 0A8771BC206AE4B200EEA672 /* MJPopupBackgroundView.m */; };
		0A8771C4206AE4B200EEA672 /* UIViewController+MJPopupViewController.m in Sources */ = {isa = PBXBuildFile; fileRef = 0A8771BE206AE4B200EEA672 /* UIViewController+MJPopupViewController.m */; };
		0A8771C7206AE57D00EEA672 /* Calendar.storyboard in Resources */ = {isa = PBXBuildFile; fileRef = 0A8771C6206AE57D00EEA672 /* Calendar.storyboard */; };
		0A87720A206B0B3000EEA672 /* MessageUI.framework in Frameworks */ = {isa = PBXBuildFile; fileRef = 0A877209206B0B3000EEA672 /* MessageUI.framework */; };
		0A9B59D7206BCA1B00B09F2A /* RequestAppointmentHealth.m in Sources */ = {isa = PBXBuildFile; fileRef = 0A9B59D6206BCA1A00B09F2A /* RequestAppointmentHealth.m */; };
		0A9B59E6206DA46100B09F2A /* RequestAppointmentCounseling.m in Sources */ = {isa = PBXBuildFile; fileRef = 0A9B59E5206DA46100B09F2A /* RequestAppointmentCounseling.m */; };
		0A9B59E92072A16B00B09F2A /* CounselingViewController.m in Sources */ = {isa = PBXBuildFile; fileRef = 0A9B59E82072A16B00B09F2A /* CounselingViewController.m */; };
		0A9B59EC2073232D00B09F2A /* MulticulturalViewController.m in Sources */ = {isa = PBXBuildFile; fileRef = 0A9B59EB2073232D00B09F2A /* MulticulturalViewController.m */; };
		0A9B59EF2073AF9E00B09F2A /* SWAGController.m in Sources */ = {isa = PBXBuildFile; fileRef = 0A9B59EE2073AF9E00B09F2A /* SWAGController.m */; };
		0A9B59F22073B2BD00B09F2A /* PeerHealthViewController.m in Sources */ = {isa = PBXBuildFile; fileRef = 0A9B59F12073B2BD00B09F2A /* PeerHealthViewController.m */; };
		0A9B59F52073C3DB00B09F2A /* OtherResourcesViewController.m in Sources */ = {isa = PBXBuildFile; fileRef = 0A9B59F42073C3DB00B09F2A /* OtherResourcesViewController.m */; };
		0ACDD004207D1D4B00003988 /* SourceSansPro-Light.otf in Resources */ = {isa = PBXBuildFile; fileRef = 0ACDCFC1207D1D4B00003988 /* SourceSansPro-Light.otf */; };
		0ACDD005207D1D4B00003988 /* SourceSansPro-LightIt.otf in Resources */ = {isa = PBXBuildFile; fileRef = 0ACDCFC2207D1D4B00003988 /* SourceSansPro-LightIt.otf */; };
		0ACDD006207D1D4B00003988 /* SourceSansPro-SemiboldIt.otf in Resources */ = {isa = PBXBuildFile; fileRef = 0ACDCFC3207D1D4B00003988 /* SourceSansPro-SemiboldIt.otf */; };
		0ACDD007207D1D4B00003988 /* OpenSans-SemiBold.ttf in Resources */ = {isa = PBXBuildFile; fileRef = 0ACDCFC4207D1D4B00003988 /* OpenSans-SemiBold.ttf */; };
		0ACDD008207D1D4B00003988 /* SourceSansPro-It.otf in Resources */ = {isa = PBXBuildFile; fileRef = 0ACDCFC5207D1D4B00003988 /* SourceSansPro-It.otf */; };
		0ACDD009207D1D4B00003988 /* SourceSansPro-Bold.otf in Resources */ = {isa = PBXBuildFile; fileRef = 0ACDCFC6207D1D4B00003988 /* SourceSansPro-Bold.otf */; };
		0ACDD00A207D1D4B00003988 /* SourceSansPro-Regular.otf in Resources */ = {isa = PBXBuildFile; fileRef = 0ACDCFC7207D1D4B00003988 /* SourceSansPro-Regular.otf */; };
		0ACDD00B207D1D4B00003988 /* SourceSansPro-BoldIt.otf in Resources */ = {isa = PBXBuildFile; fileRef = 0ACDCFC8207D1D4B00003988 /* SourceSansPro-BoldIt.otf */; };
		0ACDD00C207D1D4B00003988 /* SourceSansPro-BlackIt.otf in Resources */ = {isa = PBXBuildFile; fileRef = 0ACDCFC9207D1D4B00003988 /* SourceSansPro-BlackIt.otf */; };
		0ACDD00D207D1D4B00003988 /* OpenSans-Light.ttf in Resources */ = {isa = PBXBuildFile; fileRef = 0ACDCFCA207D1D4B00003988 /* OpenSans-Light.ttf */; };
		0ACDD00E207D1D4B00003988 /* SourceSansPro-ExtraLightIt.otf in Resources */ = {isa = PBXBuildFile; fileRef = 0ACDCFCB207D1D4B00003988 /* SourceSansPro-ExtraLightIt.otf */; };
		0ACDD00F207D1D4B00003988 /* OpenSans-Italic.ttf in Resources */ = {isa = PBXBuildFile; fileRef = 0ACDCFCC207D1D4B00003988 /* OpenSans-Italic.ttf */; };
		0ACDD010207D1D4B00003988 /* OpenSans-ExtraBold.ttf in Resources */ = {isa = PBXBuildFile; fileRef = 0ACDCFCD207D1D4B00003988 /* OpenSans-ExtraBold.ttf */; };
		0ACDD011207D1D4B00003988 /* OpenSans-LightItalic.ttf in Resources */ = {isa = PBXBuildFile; fileRef = 0ACDCFCE207D1D4B00003988 /* OpenSans-LightItalic.ttf */; };
		0ACDD012207D1D4B00003988 /* SourceSansPro-ExtraLight.otf in Resources */ = {isa = PBXBuildFile; fileRef = 0ACDCFCF207D1D4B00003988 /* SourceSansPro-ExtraLight.otf */; };
		0ACDD013207D1D4B00003988 /* The Refinery - Clarika Grot Black Italic.otf in Resources */ = {isa = PBXBuildFile; fileRef = 0ACDCFD1207D1D4B00003988 /* The Refinery - Clarika Grot Black Italic.otf */; };
		0ACDD014207D1D4B00003988 /* The Refinery - Clarika Geo Thin Italic.otf in Resources */ = {isa = PBXBuildFile; fileRef = 0ACDCFD2207D1D4B00003988 /* The Refinery - Clarika Geo Thin Italic.otf */; };
		0ACDD015207D1D4B00003988 /* The Refinery - Clarika Grot UltraThin Italic.otf in Resources */ = {isa = PBXBuildFile; fileRef = 0ACDCFD3207D1D4B00003988 /* The Refinery - Clarika Grot UltraThin Italic.otf */; };
		0ACDD016207D1D4B00003988 /* The Refinery - Clarika Geo UltraBlack.otf in Resources */ = {isa = PBXBuildFile; fileRef = 0ACDCFD4207D1D4B00003988 /* The Refinery - Clarika Geo UltraBlack.otf */; };
		0ACDD017207D1D4B00003988 /* The Refinery - Clarika Geo Light.otf in Resources */ = {isa = PBXBuildFile; fileRef = 0ACDCFD5207D1D4B00003988 /* The Refinery - Clarika Geo Light.otf */; };
		0ACDD018207D1D4B00003988 /* The Refinery - Clarika Grot Black.otf in Resources */ = {isa = PBXBuildFile; fileRef = 0ACDCFD6207D1D4B00003988 /* The Refinery - Clarika Grot Black.otf */; };
		0ACDD019207D1D4B00003988 /* The Refinery - Clarika Grot Thin Italic.otf in Resources */ = {isa = PBXBuildFile; fileRef = 0ACDCFD7207D1D4B00003988 /* The Refinery - Clarika Grot Thin Italic.otf */; };
		0ACDD01A207D1D4B00003988 /* The Refinery - Clarika Grot UltraBlack Italic.otf in Resources */ = {isa = PBXBuildFile; fileRef = 0ACDCFD8207D1D4B00003988 /* The Refinery - Clarika Grot UltraBlack Italic.otf */; };
		0ACDD01B207D1D4B00003988 /* The Refinery - Clarika Grot Thin.otf in Resources */ = {isa = PBXBuildFile; fileRef = 0ACDCFD9207D1D4B00003988 /* The Refinery - Clarika Grot Thin.otf */; };
		0ACDD01C207D1D4B00003988 /* ClarikaGeometric-DemiBold.otf in Resources */ = {isa = PBXBuildFile; fileRef = 0ACDCFDA207D1D4B00003988 /* ClarikaGeometric-DemiBold.otf */; };
		0ACDD01D207D1D4B00003988 /* ClarikaGeometric-ExtraBold.otf in Resources */ = {isa = PBXBuildFile; fileRef = 0ACDCFDB207D1D4B00003988 /* ClarikaGeometric-ExtraBold.otf */; };
		0ACDD01E207D1D4B00003988 /* The Refinery - Clarika Grot Bold.otf in Resources */ = {isa = PBXBuildFile; fileRef = 0ACDCFDC207D1D4B00003988 /* The Refinery - Clarika Grot Bold.otf */; };
		0ACDD01F207D1D4B00003988 /* The Refinery - Clarika Geo Italic.otf in Resources */ = {isa = PBXBuildFile; fileRef = 0ACDCFDD207D1D4B00003988 /* The Refinery - Clarika Geo Italic.otf */; };
		0ACDD020207D1D4B00003988 /* The Refinery - Clarika Grot Italic.otf in Resources */ = {isa = PBXBuildFile; fileRef = 0ACDCFDE207D1D4B00003988 /* The Refinery - Clarika Grot Italic.otf */; };
		0ACDD021207D1D4B00003988 /* ClarikaGeometric-Regular.otf in Resources */ = {isa = PBXBuildFile; fileRef = 0ACDCFDF207D1D4B00003988 /* ClarikaGeometric-Regular.otf */; };
		0ACDD022207D1D4B00003988 /* The Refinery - Clarika Grot UltraBlack.otf in Resources */ = {isa = PBXBuildFile; fileRef = 0ACDCFE0207D1D4B00003988 /* The Refinery - Clarika Grot UltraBlack.otf */; };
		0ACDD023207D1D4B00003988 /* The Refinery - Clarika Grot Regular.otf in Resources */ = {isa = PBXBuildFile; fileRef = 0ACDCFE1207D1D4B00003988 /* The Refinery - Clarika Grot Regular.otf */; };
		0ACDD024207D1D4B00003988 /* The Refinery - Clarika Grot DemiBold.otf in Resources */ = {isa = PBXBuildFile; fileRef = 0ACDCFE2207D1D4B00003988 /* The Refinery - Clarika Grot DemiBold.otf */; };
		0ACDD025207D1D4B00003988 /* The Refinery - Clarika Grot Bold Italic.otf in Resources */ = {isa = PBXBuildFile; fileRef = 0ACDCFE3207D1D4B00003988 /* The Refinery - Clarika Grot Bold Italic.otf */; };
		0ACDD026207D1D4B00003988 /* The Refinery - Clarika Geo DemiBold Italic.otf in Resources */ = {isa = PBXBuildFile; fileRef = 0ACDCFE4207D1D4B00003988 /* The Refinery - Clarika Geo DemiBold Italic.otf */; };
		0ACDD027207D1D4B00003988 /* The Refinery - Clarika Geo UltraThin.otf in Resources */ = {isa = PBXBuildFile; fileRef = 0ACDCFE5207D1D4B00003988 /* The Refinery - Clarika Geo UltraThin.otf */; };
		0ACDD028207D1D4B00003988 /* The Refinery - Clarika Geo Bold Italic.otf in Resources */ = {isa = PBXBuildFile; fileRef = 0ACDCFE6207D1D4B00003988 /* The Refinery - Clarika Geo Bold Italic.otf */; };
		0ACDD029207D1D4B00003988 /* The Refinery - Clarika Geo UltraBlack Italic.otf in Resources */ = {isa = PBXBuildFile; fileRef = 0ACDCFE7207D1D4B00003988 /* The Refinery - Clarika Geo UltraBlack Italic.otf */; };
		0ACDD02A207D1D4B00003988 /* The Refinery - Clarika Grot ExtraBold Italic.otf in Resources */ = {isa = PBXBuildFile; fileRef = 0ACDCFE8207D1D4B00003988 /* The Refinery - Clarika Grot ExtraBold Italic.otf */; };
		0ACDD02B207D1D4B00003988 /* The Refinery - Clarika Geo Black Italic.otf in Resources */ = {isa = PBXBuildFile; fileRef = 0ACDCFE9207D1D4B00003988 /* The Refinery - Clarika Geo Black Italic.otf */; };
		0ACDD02C207D1D4B00003988 /* The Refinery - Clarika Geo Medium Italic.otf in Resources */ = {isa = PBXBuildFile; fileRef = 0ACDCFEA207D1D4B00003988 /* The Refinery - Clarika Geo Medium Italic.otf */; };
		0ACDD02D207D1D4B00003988 /* ClarikaGeometric-Bold.otf in Resources */ = {isa = PBXBuildFile; fileRef = 0ACDCFEB207D1D4B00003988 /* ClarikaGeometric-Bold.otf */; };
		0ACDD02E207D1D4B00003988 /* The Refinery - Clarika Grot Light Italic.otf in Resources */ = {isa = PBXBuildFile; fileRef = 0ACDCFEC207D1D4B00003988 /* The Refinery - Clarika Grot Light Italic.otf */; };
		0ACDD02F207D1D4B00003988 /* The Refinery - Clarika Grot ExtraBold.otf in Resources */ = {isa = PBXBuildFile; fileRef = 0ACDCFED207D1D4B00003988 /* The Refinery - Clarika Grot ExtraBold.otf */; };
		0ACDD030207D1D4B00003988 /* The Refinery - Clarika Grot UltraThin.otf in Resources */ = {isa = PBXBuildFile; fileRef = 0ACDCFEE207D1D4B00003988 /* The Refinery - Clarika Grot UltraThin.otf */; };
		0ACDD031207D1D4B00003988 /* The Refinery - Clarika Grot DemiBold Italic.otf in Resources */ = {isa = PBXBuildFile; fileRef = 0ACDCFEF207D1D4B00003988 /* The Refinery - Clarika Grot DemiBold Italic.otf */; };
		0ACDD032207D1D4B00003988 /* The Refinery - Clarika Grot Medium Italic.otf in Resources */ = {isa = PBXBuildFile; fileRef = 0ACDCFF0207D1D4B00003988 /* The Refinery - Clarika Grot Medium Italic.otf */; };
		0ACDD033207D1D4B00003988 /* The Refinery - Clarika Geo ExtraBold Italic.otf in Resources */ = {isa = PBXBuildFile; fileRef = 0ACDCFF1207D1D4B00003988 /* The Refinery - Clarika Geo ExtraBold Italic.otf */; };
		0ACDD034207D1D4B00003988 /* The Refinery - Clarika Geo ExtraLight.otf in Resources */ = {isa = PBXBuildFile; fileRef = 0ACDCFF2207D1D4B00003988 /* The Refinery - Clarika Geo ExtraLight.otf */; };
		0ACDD035207D1D4B00003988 /* The Refinery - Clarika Grot ExtraLight Italic.otf in Resources */ = {isa = PBXBuildFile; fileRef = 0ACDCFF3207D1D4B00003988 /* The Refinery - Clarika Grot ExtraLight Italic.otf */; };
		0ACDD036207D1D4B00003988 /* The Refinery - Clarika Geo Thin.otf in Resources */ = {isa = PBXBuildFile; fileRef = 0ACDCFF4207D1D4B00003988 /* The Refinery - Clarika Geo Thin.otf */; };
		0ACDD037207D1D4B00003988 /* The Refinery - Clarika Geo ExtraLight Italic.otf in Resources */ = {isa = PBXBuildFile; fileRef = 0ACDCFF5207D1D4B00003988 /* The Refinery - Clarika Geo ExtraLight Italic.otf */; };
		0ACDD038207D1D4B00003988 /* The Refinery - Clarika Geo UltraThin Italic.otf in Resources */ = {isa = PBXBuildFile; fileRef = 0ACDCFF6207D1D4B00003988 /* The Refinery - Clarika Geo UltraThin Italic.otf */; };
		0ACDD039207D1D4B00003988 /* The Refinery - Clarika Grot ExtraLight.otf in Resources */ = {isa = PBXBuildFile; fileRef = 0ACDCFF7207D1D4B00003988 /* The Refinery - Clarika Grot ExtraLight.otf */; };
		0ACDD03A207D1D4B00003988 /* The Refinery - Clarika Geo Black.otf in Resources */ = {isa = PBXBuildFile; fileRef = 0ACDCFF8207D1D4B00003988 /* The Refinery - Clarika Geo Black.otf */; };
		0ACDD03B207D1D4B00003988 /* The Refinery - Clarika Geo Light Italic.otf in Resources */ = {isa = PBXBuildFile; fileRef = 0ACDCFF9207D1D4B00003988 /* The Refinery - Clarika Geo Light Italic.otf */; };
		0ACDD03C207D1D4B00003988 /* The Refinery - Clarika Grot Medium.otf in Resources */ = {isa = PBXBuildFile; fileRef = 0ACDCFFA207D1D4B00003988 /* The Refinery - Clarika Grot Medium.otf */; };
		0ACDD03D207D1D4B00003988 /* The Refinery - Clarika Geo Medium.otf in Resources */ = {isa = PBXBuildFile; fileRef = 0ACDCFFB207D1D4B00003988 /* The Refinery - Clarika Geo Medium.otf */; };
		0ACDD03E207D1D4B00003988 /* The Refinery - Clarika Grot Light.otf in Resources */ = {isa = PBXBuildFile; fileRef = 0ACDCFFC207D1D4B00003988 /* The Refinery - Clarika Grot Light.otf */; };
		0ACDD03F207D1D4B00003988 /* OpenSans-Bold.ttf in Resources */ = {isa = PBXBuildFile; fileRef = 0ACDCFFD207D1D4B00003988 /* OpenSans-Bold.ttf */; };
		0ACDD040207D1D4B00003988 /* SourceSansPro-Semibold.otf in Resources */ = {isa = PBXBuildFile; fileRef = 0ACDCFFE207D1D4B00003988 /* SourceSansPro-Semibold.otf */; };
		0ACDD041207D1D4B00003988 /* OpenSans-SemiBoldItalic.ttf in Resources */ = {isa = PBXBuildFile; fileRef = 0ACDCFFF207D1D4B00003988 /* OpenSans-SemiBoldItalic.ttf */; };
		0ACDD042207D1D4B00003988 /* OpenSans-ExtraBoldItalic.ttf in Resources */ = {isa = PBXBuildFile; fileRef = 0ACDD000207D1D4B00003988 /* OpenSans-ExtraBoldItalic.ttf */; };
		0ACDD043207D1D4B00003988 /* OpenSans-Regular.ttf in Resources */ = {isa = PBXBuildFile; fileRef = 0ACDD001207D1D4B00003988 /* OpenSans-Regular.ttf */; };
		0ACDD044207D1D4B00003988 /* OpenSans-BoldItalic.ttf in Resources */ = {isa = PBXBuildFile; fileRef = 0ACDD002207D1D4B00003988 /* OpenSans-BoldItalic.ttf */; };
		0ACDD045207D1D4B00003988 /* SourceSansPro-Black.otf in Resources */ = {isa = PBXBuildFile; fileRef = 0ACDD003207D1D4B00003988 /* SourceSansPro-Black.otf */; };
		3CFEFB1A207161D4004B2654 /* LoginViewController.m in Sources */ = {isa = PBXBuildFile; fileRef = 3CFEFB19207161D4004B2654 /* LoginViewController.m */; };
		3CFEFB1D20717A35004B2654 /* ProfileViewController.m in Sources */ = {isa = PBXBuildFile; fileRef = 3CFEFB1C20717A35004B2654 /* ProfileViewController.m */; };
		3CFEFB202071E8BA004B2654 /* UserInfo.m in Sources */ = {isa = PBXBuildFile; fileRef = 3CFEFB1F2071E8BA004B2654 /* UserInfo.m */; };
		3CFEFB232072A6F2004B2654 /* LoginSegue.m in Sources */ = {isa = PBXBuildFile; fileRef = 3CFEFB222072A6F2004B2654 /* LoginSegue.m */; };
		A92E368220865971005A9665 /* ProfileDetailViewController.xib in Resources */ = {isa = PBXBuildFile; fileRef = A92E368120865971005A9665 /* ProfileDetailViewController.xib */; };
/* End PBXBuildFile section */

/* Begin PBXContainerItemProxy section */
		0A87719A20696E4100EEA672 /* PBXContainerItemProxy */ = {
			isa = PBXContainerItemProxy;
			containerPortal = 0A87717520696E4100EEA672 /* Project object */;
			proxyType = 1;
			remoteGlobalIDString = 0A87717C20696E4100EEA672;
			remoteInfo = "HCI Project";
		};
		0A8771A520696E4100EEA672 /* PBXContainerItemProxy */ = {
			isa = PBXContainerItemProxy;
			containerPortal = 0A87717520696E4100EEA672 /* Project object */;
			proxyType = 1;
			remoteGlobalIDString = 0A87717C20696E4100EEA672;
			remoteInfo = "HCI Project";
		};
/* End PBXContainerItemProxy section */

/* Begin PBXFileReference section */
		0A87717D20696E4100EEA672 /* HCI Project.app */ = {isa = PBXFileReference; explicitFileType = wrapper.application; includeInIndex = 0; path = "HCI Project.app"; sourceTree = BUILT_PRODUCTS_DIR; };
		0A87718120696E4100EEA672 /* main.m */ = {isa = PBXFileReference; lastKnownFileType = sourcecode.c.objc; path = main.m; sourceTree = "<group>"; };
		0A87718320696E4100EEA672 /* AppDelegate.h */ = {isa = PBXFileReference; lastKnownFileType = sourcecode.c.h; path = AppDelegate.h; sourceTree = "<group>"; };
		0A87718420696E4100EEA672 /* AppDelegate.m */ = {isa = PBXFileReference; fileEncoding = 4; lastKnownFileType = sourcecode.c.objc; path = AppDelegate.m; sourceTree = "<group>"; };
		0A87718920696E4100EEA672 /* HealthCenterViewController.h */ = {isa = PBXFileReference; lastKnownFileType = sourcecode.c.h; path = HealthCenterViewController.h; sourceTree = "<group>"; };
		0A87718A20696E4100EEA672 /* HealthCenterViewController.m */ = {isa = PBXFileReference; lastKnownFileType = sourcecode.c.objc; path = HealthCenterViewController.m; sourceTree = "<group>"; };
		0A87718D20696E4100EEA672 /* Base */ = {isa = PBXFileReference; lastKnownFileType = file.storyboard; name = Base; path = Base.lproj/Main.storyboard; sourceTree = "<group>"; };
		0A87718F20696E4100EEA672 /* Assets.xcassets */ = {isa = PBXFileReference; lastKnownFileType = folder.assetcatalog; path = Assets.xcassets; sourceTree = "<group>"; };
		0A87719220696E4100EEA672 /* Base */ = {isa = PBXFileReference; lastKnownFileType = file.storyboard; name = Base; path = Base.lproj/LaunchScreen.storyboard; sourceTree = "<group>"; };
		0A87719420696E4100EEA672 /* Info.plist */ = {isa = PBXFileReference; lastKnownFileType = text.plist.xml; path = Info.plist; sourceTree = "<group>"; };
		0A87719920696E4100EEA672 /* HCI ProjectTests.xctest */ = {isa = PBXFileReference; explicitFileType = wrapper.cfbundle; includeInIndex = 0; path = "HCI ProjectTests.xctest"; sourceTree = BUILT_PRODUCTS_DIR; };
		0A8771A420696E4100EEA672 /* HCI ProjectUITests.xctest */ = {isa = PBXFileReference; explicitFileType = wrapper.cfbundle; includeInIndex = 0; path = "HCI ProjectUITests.xctest"; sourceTree = BUILT_PRODUCTS_DIR; };
		0A8771B6206AE4B200EEA672 /* BuckViewController.h */ = {isa = PBXFileReference; fileEncoding = 4; lastKnownFileType = sourcecode.c.h; path = BuckViewController.h; sourceTree = "<group>"; };
		0A8771B7206AE4B200EEA672 /* BuckViewController.m */ = {isa = PBXFileReference; fileEncoding = 4; lastKnownFileType = sourcecode.c.objc; path = BuckViewController.m; sourceTree = "<group>"; };
		0A8771B8206AE4B200EEA672 /* MJDetailViewController.h */ = {isa = PBXFileReference; fileEncoding = 4; lastKnownFileType = sourcecode.c.h; path = MJDetailViewController.h; sourceTree = "<group>"; };
		0A8771B9206AE4B200EEA672 /* MJDetailViewController.m */ = {isa = PBXFileReference; fileEncoding = 4; lastKnownFileType = sourcecode.c.objc; path = MJDetailViewController.m; sourceTree = "<group>"; };
		0A8771BA206AE4B200EEA672 /* MJDetailViewController.xib */ = {isa = PBXFileReference; fileEncoding = 4; lastKnownFileType = file.xib; path = MJDetailViewController.xib; sourceTree = "<group>"; };
		0A8771BB206AE4B200EEA672 /* MJPopupBackgroundView.h */ = {isa = PBXFileReference; fileEncoding = 4; lastKnownFileType = sourcecode.c.h; path = MJPopupBackgroundView.h; sourceTree = "<group>"; };
		0A8771BC206AE4B200EEA672 /* MJPopupBackgroundView.m */ = {isa = PBXFileReference; fileEncoding = 4; lastKnownFileType = sourcecode.c.objc; path = MJPopupBackgroundView.m; sourceTree = "<group>"; };
		0A8771BD206AE4B200EEA672 /* UIViewController+MJPopupViewController.h */ = {isa = PBXFileReference; fileEncoding = 4; lastKnownFileType = sourcecode.c.h; path = "UIViewController+MJPopupViewController.h"; sourceTree = "<group>"; };
		0A8771BE206AE4B200EEA672 /* UIViewController+MJPopupViewController.m */ = {isa = PBXFileReference; fileEncoding = 4; lastKnownFileType = sourcecode.c.objc; path = "UIViewController+MJPopupViewController.m"; sourceTree = "<group>"; };
		0A8771C6206AE57D00EEA672 /* Calendar.storyboard */ = {isa = PBXFileReference; fileEncoding = 4; lastKnownFileType = file.storyboard; path = Calendar.storyboard; sourceTree = "<group>"; };
		0A877209206B0B3000EEA672 /* MessageUI.framework */ = {isa = PBXFileReference; lastKnownFileType = wrapper.framework; name = MessageUI.framework; path = System/Library/Frameworks/MessageUI.framework; sourceTree = SDKROOT; };
		0A9B59D5206BC9A400B09F2A /* RequestAppointmentHealth.h */ = {isa = PBXFileReference; lastKnownFileType = sourcecode.c.h; path = RequestAppointmentHealth.h; sourceTree = "<group>"; };
		0A9B59D6206BCA1A00B09F2A /* RequestAppointmentHealth.m */ = {isa = PBXFileReference; lastKnownFileType = sourcecode.c.objc; path = RequestAppointmentHealth.m; sourceTree = "<group>"; };
		0A9B59E4206DA46100B09F2A /* RequestAppointmentCounseling.h */ = {isa = PBXFileReference; lastKnownFileType = sourcecode.c.h; path = RequestAppointmentCounseling.h; sourceTree = "<group>"; };
		0A9B59E5206DA46100B09F2A /* RequestAppointmentCounseling.m */ = {isa = PBXFileReference; lastKnownFileType = sourcecode.c.objc; path = RequestAppointmentCounseling.m; sourceTree = "<group>"; };
		0A9B59E72072A16B00B09F2A /* CounselingViewController.h */ = {isa = PBXFileReference; lastKnownFileType = sourcecode.c.h; path = CounselingViewController.h; sourceTree = "<group>"; };
		0A9B59E82072A16B00B09F2A /* CounselingViewController.m */ = {isa = PBXFileReference; lastKnownFileType = sourcecode.c.objc; path = CounselingViewController.m; sourceTree = "<group>"; };
		0A9B59EA2073232D00B09F2A /* MulticulturalViewController.h */ = {isa = PBXFileReference; lastKnownFileType = sourcecode.c.h; path = MulticulturalViewController.h; sourceTree = "<group>"; };
		0A9B59EB2073232D00B09F2A /* MulticulturalViewController.m */ = {isa = PBXFileReference; lastKnownFileType = sourcecode.c.objc; path = MulticulturalViewController.m; sourceTree = "<group>"; };
		0A9B59ED2073AF9E00B09F2A /* SWAGController.h */ = {isa = PBXFileReference; lastKnownFileType = sourcecode.c.h; path = SWAGController.h; sourceTree = "<group>"; };
		0A9B59EE2073AF9E00B09F2A /* SWAGController.m */ = {isa = PBXFileReference; lastKnownFileType = sourcecode.c.objc; path = SWAGController.m; sourceTree = "<group>"; };
		0A9B59F02073B2BD00B09F2A /* PeerHealthViewController.h */ = {isa = PBXFileReference; lastKnownFileType = sourcecode.c.h; path = PeerHealthViewController.h; sourceTree = "<group>"; };
		0A9B59F12073B2BD00B09F2A /* PeerHealthViewController.m */ = {isa = PBXFileReference; lastKnownFileType = sourcecode.c.objc; path = PeerHealthViewController.m; sourceTree = "<group>"; };
		0A9B59F32073C3DB00B09F2A /* OtherResourcesViewController.h */ = {isa = PBXFileReference; lastKnownFileType = sourcecode.c.h; path = OtherResourcesViewController.h; sourceTree = "<group>"; };
		0A9B59F42073C3DB00B09F2A /* OtherResourcesViewController.m */ = {isa = PBXFileReference; lastKnownFileType = sourcecode.c.objc; path = OtherResourcesViewController.m; sourceTree = "<group>"; };
		0ACDCFC1207D1D4B00003988 /* SourceSansPro-Light.otf */ = {isa = PBXFileReference; lastKnownFileType = file; path = "SourceSansPro-Light.otf"; sourceTree = "<group>"; };
		0ACDCFC2207D1D4B00003988 /* SourceSansPro-LightIt.otf */ = {isa = PBXFileReference; lastKnownFileType = file; path = "SourceSansPro-LightIt.otf"; sourceTree = "<group>"; };
		0ACDCFC3207D1D4B00003988 /* SourceSansPro-SemiboldIt.otf */ = {isa = PBXFileReference; lastKnownFileType = file; path = "SourceSansPro-SemiboldIt.otf"; sourceTree = "<group>"; };
		0ACDCFC4207D1D4B00003988 /* OpenSans-SemiBold.ttf */ = {isa = PBXFileReference; lastKnownFileType = file; path = "OpenSans-SemiBold.ttf"; sourceTree = "<group>"; };
		0ACDCFC5207D1D4B00003988 /* SourceSansPro-It.otf */ = {isa = PBXFileReference; lastKnownFileType = file; path = "SourceSansPro-It.otf"; sourceTree = "<group>"; };
		0ACDCFC6207D1D4B00003988 /* SourceSansPro-Bold.otf */ = {isa = PBXFileReference; lastKnownFileType = file; path = "SourceSansPro-Bold.otf"; sourceTree = "<group>"; };
		0ACDCFC7207D1D4B00003988 /* SourceSansPro-Regular.otf */ = {isa = PBXFileReference; lastKnownFileType = file; path = "SourceSansPro-Regular.otf"; sourceTree = "<group>"; };
		0ACDCFC8207D1D4B00003988 /* SourceSansPro-BoldIt.otf */ = {isa = PBXFileReference; lastKnownFileType = file; path = "SourceSansPro-BoldIt.otf"; sourceTree = "<group>"; };
		0ACDCFC9207D1D4B00003988 /* SourceSansPro-BlackIt.otf */ = {isa = PBXFileReference; lastKnownFileType = file; path = "SourceSansPro-BlackIt.otf"; sourceTree = "<group>"; };
		0ACDCFCA207D1D4B00003988 /* OpenSans-Light.ttf */ = {isa = PBXFileReference; lastKnownFileType = file; path = "OpenSans-Light.ttf"; sourceTree = "<group>"; };
		0ACDCFCB207D1D4B00003988 /* SourceSansPro-ExtraLightIt.otf */ = {isa = PBXFileReference; lastKnownFileType = file; path = "SourceSansPro-ExtraLightIt.otf"; sourceTree = "<group>"; };
		0ACDCFCC207D1D4B00003988 /* OpenSans-Italic.ttf */ = {isa = PBXFileReference; lastKnownFileType = file; path = "OpenSans-Italic.ttf"; sourceTree = "<group>"; };
		0ACDCFCD207D1D4B00003988 /* OpenSans-ExtraBold.ttf */ = {isa = PBXFileReference; lastKnownFileType = file; path = "OpenSans-ExtraBold.ttf"; sourceTree = "<group>"; };
		0ACDCFCE207D1D4B00003988 /* OpenSans-LightItalic.ttf */ = {isa = PBXFileReference; lastKnownFileType = file; path = "OpenSans-LightItalic.ttf"; sourceTree = "<group>"; };
		0ACDCFCF207D1D4B00003988 /* SourceSansPro-ExtraLight.otf */ = {isa = PBXFileReference; lastKnownFileType = file; path = "SourceSansPro-ExtraLight.otf"; sourceTree = "<group>"; };
		0ACDCFD1207D1D4B00003988 /* The Refinery - Clarika Grot Black Italic.otf */ = {isa = PBXFileReference; lastKnownFileType = file; path = "The Refinery - Clarika Grot Black Italic.otf"; sourceTree = "<group>"; };
		0ACDCFD2207D1D4B00003988 /* The Refinery - Clarika Geo Thin Italic.otf */ = {isa = PBXFileReference; lastKnownFileType = file; path = "The Refinery - Clarika Geo Thin Italic.otf"; sourceTree = "<group>"; };
		0ACDCFD3207D1D4B00003988 /* The Refinery - Clarika Grot UltraThin Italic.otf */ = {isa = PBXFileReference; lastKnownFileType = file; path = "The Refinery - Clarika Grot UltraThin Italic.otf"; sourceTree = "<group>"; };
		0ACDCFD4207D1D4B00003988 /* The Refinery - Clarika Geo UltraBlack.otf */ = {isa = PBXFileReference; lastKnownFileType = file; path = "The Refinery - Clarika Geo UltraBlack.otf"; sourceTree = "<group>"; };
		0ACDCFD5207D1D4B00003988 /* The Refinery - Clarika Geo Light.otf */ = {isa = PBXFileReference; lastKnownFileType = file; path = "The Refinery - Clarika Geo Light.otf"; sourceTree = "<group>"; };
		0ACDCFD6207D1D4B00003988 /* The Refinery - Clarika Grot Black.otf */ = {isa = PBXFileReference; lastKnownFileType = file; path = "The Refinery - Clarika Grot Black.otf"; sourceTree = "<group>"; };
		0ACDCFD7207D1D4B00003988 /* The Refinery - Clarika Grot Thin Italic.otf */ = {isa = PBXFileReference; lastKnownFileType = file; path = "The Refinery - Clarika Grot Thin Italic.otf"; sourceTree = "<group>"; };
		0ACDCFD8207D1D4B00003988 /* The Refinery - Clarika Grot UltraBlack Italic.otf */ = {isa = PBXFileReference; lastKnownFileType = file; path = "The Refinery - Clarika Grot UltraBlack Italic.otf"; sourceTree = "<group>"; };
		0ACDCFD9207D1D4B00003988 /* The Refinery - Clarika Grot Thin.otf */ = {isa = PBXFileReference; lastKnownFileType = file; path = "The Refinery - Clarika Grot Thin.otf"; sourceTree = "<group>"; };
		0ACDCFDA207D1D4B00003988 /* ClarikaGeometric-DemiBold.otf */ = {isa = PBXFileReference; lastKnownFileType = file; path = "ClarikaGeometric-DemiBold.otf"; sourceTree = "<group>"; };
		0ACDCFDB207D1D4B00003988 /* ClarikaGeometric-ExtraBold.otf */ = {isa = PBXFileReference; lastKnownFileType = file; path = "ClarikaGeometric-ExtraBold.otf"; sourceTree = "<group>"; };
		0ACDCFDC207D1D4B00003988 /* The Refinery - Clarika Grot Bold.otf */ = {isa = PBXFileReference; lastKnownFileType = file; path = "The Refinery - Clarika Grot Bold.otf"; sourceTree = "<group>"; };
		0ACDCFDD207D1D4B00003988 /* The Refinery - Clarika Geo Italic.otf */ = {isa = PBXFileReference; lastKnownFileType = file; path = "The Refinery - Clarika Geo Italic.otf"; sourceTree = "<group>"; };
		0ACDCFDE207D1D4B00003988 /* The Refinery - Clarika Grot Italic.otf */ = {isa = PBXFileReference; lastKnownFileType = file; path = "The Refinery - Clarika Grot Italic.otf"; sourceTree = "<group>"; };
		0ACDCFDF207D1D4B00003988 /* ClarikaGeometric-Regular.otf */ = {isa = PBXFileReference; lastKnownFileType = file; path = "ClarikaGeometric-Regular.otf"; sourceTree = "<group>"; };
		0ACDCFE0207D1D4B00003988 /* The Refinery - Clarika Grot UltraBlack.otf */ = {isa = PBXFileReference; lastKnownFileType = file; path = "The Refinery - Clarika Grot UltraBlack.otf"; sourceTree = "<group>"; };
		0ACDCFE1207D1D4B00003988 /* The Refinery - Clarika Grot Regular.otf */ = {isa = PBXFileReference; lastKnownFileType = file; path = "The Refinery - Clarika Grot Regular.otf"; sourceTree = "<group>"; };
		0ACDCFE2207D1D4B00003988 /* The Refinery - Clarika Grot DemiBold.otf */ = {isa = PBXFileReference; lastKnownFileType = file; path = "The Refinery - Clarika Grot DemiBold.otf"; sourceTree = "<group>"; };
		0ACDCFE3207D1D4B00003988 /* The Refinery - Clarika Grot Bold Italic.otf */ = {isa = PBXFileReference; lastKnownFileType = file; path = "The Refinery - Clarika Grot Bold Italic.otf"; sourceTree = "<group>"; };
		0ACDCFE4207D1D4B00003988 /* The Refinery - Clarika Geo DemiBold Italic.otf */ = {isa = PBXFileReference; lastKnownFileType = file; path = "The Refinery - Clarika Geo DemiBold Italic.otf"; sourceTree = "<group>"; };
		0ACDCFE5207D1D4B00003988 /* The Refinery - Clarika Geo UltraThin.otf */ = {isa = PBXFileReference; lastKnownFileType = file; path = "The Refinery - Clarika Geo UltraThin.otf"; sourceTree = "<group>"; };
		0ACDCFE6207D1D4B00003988 /* The Refinery - Clarika Geo Bold Italic.otf */ = {isa = PBXFileReference; lastKnownFileType = file; path = "The Refinery - Clarika Geo Bold Italic.otf"; sourceTree = "<group>"; };
		0ACDCFE7207D1D4B00003988 /* The Refinery - Clarika Geo UltraBlack Italic.otf */ = {isa = PBXFileReference; lastKnownFileType = file; path = "The Refinery - Clarika Geo UltraBlack Italic.otf"; sourceTree = "<group>"; };
		0ACDCFE8207D1D4B00003988 /* The Refinery - Clarika Grot ExtraBold Italic.otf */ = {isa = PBXFileReference; lastKnownFileType = file; path = "The Refinery - Clarika Grot ExtraBold Italic.otf"; sourceTree = "<group>"; };
		0ACDCFE9207D1D4B00003988 /* The Refinery - Clarika Geo Black Italic.otf */ = {isa = PBXFileReference; lastKnownFileType = file; path = "The Refinery - Clarika Geo Black Italic.otf"; sourceTree = "<group>"; };
		0ACDCFEA207D1D4B00003988 /* The Refinery - Clarika Geo Medium Italic.otf */ = {isa = PBXFileReference; lastKnownFileType = file; path = "The Refinery - Clarika Geo Medium Italic.otf"; sourceTree = "<group>"; };
		0ACDCFEB207D1D4B00003988 /* ClarikaGeometric-Bold.otf */ = {isa = PBXFileReference; lastKnownFileType = file; path = "ClarikaGeometric-Bold.otf"; sourceTree = "<group>"; };
		0ACDCFEC207D1D4B00003988 /* The Refinery - Clarika Grot Light Italic.otf */ = {isa = PBXFileReference; lastKnownFileType = file; path = "The Refinery - Clarika Grot Light Italic.otf"; sourceTree = "<group>"; };
		0ACDCFED207D1D4B00003988 /* The Refinery - Clarika Grot ExtraBold.otf */ = {isa = PBXFileReference; lastKnownFileType = file; path = "The Refinery - Clarika Grot ExtraBold.otf"; sourceTree = "<group>"; };
		0ACDCFEE207D1D4B00003988 /* The Refinery - Clarika Grot UltraThin.otf */ = {isa = PBXFileReference; lastKnownFileType = file; path = "The Refinery - Clarika Grot UltraThin.otf"; sourceTree = "<group>"; };
		0ACDCFEF207D1D4B00003988 /* The Refinery - Clarika Grot DemiBold Italic.otf */ = {isa = PBXFileReference; lastKnownFileType = file; path = "The Refinery - Clarika Grot DemiBold Italic.otf"; sourceTree = "<group>"; };
		0ACDCFF0207D1D4B00003988 /* The Refinery - Clarika Grot Medium Italic.otf */ = {isa = PBXFileReference; lastKnownFileType = file; path = "The Refinery - Clarika Grot Medium Italic.otf"; sourceTree = "<group>"; };
		0ACDCFF1207D1D4B00003988 /* The Refinery - Clarika Geo ExtraBold Italic.otf */ = {isa = PBXFileReference; lastKnownFileType = file; path = "The Refinery - Clarika Geo ExtraBold Italic.otf"; sourceTree = "<group>"; };
		0ACDCFF2207D1D4B00003988 /* The Refinery - Clarika Geo ExtraLight.otf */ = {isa = PBXFileReference; lastKnownFileType = file; path = "The Refinery - Clarika Geo ExtraLight.otf"; sourceTree = "<group>"; };
		0ACDCFF3207D1D4B00003988 /* The Refinery - Clarika Grot ExtraLight Italic.otf */ = {isa = PBXFileReference; lastKnownFileType = file; path = "The Refinery - Clarika Grot ExtraLight Italic.otf"; sourceTree = "<group>"; };
		0ACDCFF4207D1D4B00003988 /* The Refinery - Clarika Geo Thin.otf */ = {isa = PBXFileReference; lastKnownFileType = file; path = "The Refinery - Clarika Geo Thin.otf"; sourceTree = "<group>"; };
		0ACDCFF5207D1D4B00003988 /* The Refinery - Clarika Geo ExtraLight Italic.otf */ = {isa = PBXFileReference; lastKnownFileType = file; path = "The Refinery - Clarika Geo ExtraLight Italic.otf"; sourceTree = "<group>"; };
		0ACDCFF6207D1D4B00003988 /* The Refinery - Clarika Geo UltraThin Italic.otf */ = {isa = PBXFileReference; lastKnownFileType = file; path = "The Refinery - Clarika Geo UltraThin Italic.otf"; sourceTree = "<group>"; };
		0ACDCFF7207D1D4B00003988 /* The Refinery - Clarika Grot ExtraLight.otf */ = {isa = PBXFileReference; lastKnownFileType = file; path = "The Refinery - Clarika Grot ExtraLight.otf"; sourceTree = "<group>"; };
		0ACDCFF8207D1D4B00003988 /* The Refinery - Clarika Geo Black.otf */ = {isa = PBXFileReference; lastKnownFileType = file; path = "The Refinery - Clarika Geo Black.otf"; sourceTree = "<group>"; };
		0ACDCFF9207D1D4B00003988 /* The Refinery - Clarika Geo Light Italic.otf */ = {isa = PBXFileReference; lastKnownFileType = file; path = "The Refinery - Clarika Geo Light Italic.otf"; sourceTree = "<group>"; };
		0ACDCFFA207D1D4B00003988 /* The Refinery - Clarika Grot Medium.otf */ = {isa = PBXFileReference; lastKnownFileType = file; path = "The Refinery - Clarika Grot Medium.otf"; sourceTree = "<group>"; };
		0ACDCFFB207D1D4B00003988 /* The Refinery - Clarika Geo Medium.otf */ = {isa = PBXFileReference; lastKnownFileType = file; path = "The Refinery - Clarika Geo Medium.otf"; sourceTree = "<group>"; };
		0ACDCFFC207D1D4B00003988 /* The Refinery - Clarika Grot Light.otf */ = {isa = PBXFileReference; lastKnownFileType = file; path = "The Refinery - Clarika Grot Light.otf"; sourceTree = "<group>"; };
		0ACDCFFD207D1D4B00003988 /* OpenSans-Bold.ttf */ = {isa = PBXFileReference; lastKnownFileType = file; path = "OpenSans-Bold.ttf"; sourceTree = "<group>"; };
		0ACDCFFE207D1D4B00003988 /* SourceSansPro-Semibold.otf */ = {isa = PBXFileReference; lastKnownFileType = file; path = "SourceSansPro-Semibold.otf"; sourceTree = "<group>"; };
		0ACDCFFF207D1D4B00003988 /* OpenSans-SemiBoldItalic.ttf */ = {isa = PBXFileReference; lastKnownFileType = file; path = "OpenSans-SemiBoldItalic.ttf"; sourceTree = "<group>"; };
		0ACDD000207D1D4B00003988 /* OpenSans-ExtraBoldItalic.ttf */ = {isa = PBXFileReference; lastKnownFileType = file; path = "OpenSans-ExtraBoldItalic.ttf"; sourceTree = "<group>"; };
		0ACDD001207D1D4B00003988 /* OpenSans-Regular.ttf */ = {isa = PBXFileReference; lastKnownFileType = file; path = "OpenSans-Regular.ttf"; sourceTree = "<group>"; };
		0ACDD002207D1D4B00003988 /* OpenSans-BoldItalic.ttf */ = {isa = PBXFileReference; lastKnownFileType = file; path = "OpenSans-BoldItalic.ttf"; sourceTree = "<group>"; };
		0ACDD003207D1D4B00003988 /* SourceSansPro-Black.otf */ = {isa = PBXFileReference; lastKnownFileType = file; path = "SourceSansPro-Black.otf"; sourceTree = "<group>"; };
		3CFEFB18207161D4004B2654 /* LoginViewController.h */ = {isa = PBXFileReference; lastKnownFileType = sourcecode.c.h; path = LoginViewController.h; sourceTree = "<group>"; };
		3CFEFB19207161D4004B2654 /* LoginViewController.m */ = {isa = PBXFileReference; lastKnownFileType = sourcecode.c.objc; path = LoginViewController.m; sourceTree = "<group>"; };
		3CFEFB1B20717A35004B2654 /* ProfileViewController.h */ = {isa = PBXFileReference; lastKnownFileType = sourcecode.c.h; path = ProfileViewController.h; sourceTree = "<group>"; };
		3CFEFB1C20717A35004B2654 /* ProfileViewController.m */ = {isa = PBXFileReference; lastKnownFileType = sourcecode.c.objc; path = ProfileViewController.m; sourceTree = "<group>"; };
		3CFEFB1E2071E8BA004B2654 /* UserInfo.h */ = {isa = PBXFileReference; lastKnownFileType = sourcecode.c.h; path = UserInfo.h; sourceTree = "<group>"; };
		3CFEFB1F2071E8BA004B2654 /* UserInfo.m */ = {isa = PBXFileReference; lastKnownFileType = sourcecode.c.objc; path = UserInfo.m; sourceTree = "<group>"; };
		3CFEFB212072A6F2004B2654 /* LoginSegue.h */ = {isa = PBXFileReference; lastKnownFileType = sourcecode.c.h; path = LoginSegue.h; sourceTree = "<group>"; };
		3CFEFB222072A6F2004B2654 /* LoginSegue.m */ = {isa = PBXFileReference; lastKnownFileType = sourcecode.c.objc; path = LoginSegue.m; sourceTree = "<group>"; };
		A92E368120865971005A9665 /* ProfileDetailViewController.xib */ = {isa = PBXFileReference; lastKnownFileType = file.xib; path = ProfileDetailViewController.xib; sourceTree = "<group>"; };
/* End PBXFileReference section */

/* Begin PBXFrameworksBuildPhase section */
		0A87717A20696E4100EEA672 /* Frameworks */ = {
			isa = PBXFrameworksBuildPhase;
			buildActionMask = 2147483647;
			files = (
				0A87720A206B0B3000EEA672 /* MessageUI.framework in Frameworks */,
			);
			runOnlyForDeploymentPostprocessing = 0;
		};
		0A87719620696E4100EEA672 /* Frameworks */ = {
			isa = PBXFrameworksBuildPhase;
			buildActionMask = 2147483647;
			files = (
			);
			runOnlyForDeploymentPostprocessing = 0;
		};
		0A8771A120696E4100EEA672 /* Frameworks */ = {
			isa = PBXFrameworksBuildPhase;
			buildActionMask = 2147483647;
			files = (
			);
			runOnlyForDeploymentPostprocessing = 0;
		};
/* End PBXFrameworksBuildPhase section */

/* Begin PBXGroup section */
		0A87717420696E4100EEA672 = {
			isa = PBXGroup;
			children = (
				0ACDCFC0207D1D4B00003988 /* Fonts */,
				0A877209206B0B3000EEA672 /* MessageUI.framework */,
				0A87717F20696E4100EEA672 /* HCI Project */,
				0A87717E20696E4100EEA672 /* Products */,
			);
			sourceTree = "<group>";
		};
		0A87717E20696E4100EEA672 /* Products */ = {
			isa = PBXGroup;
			children = (
				0A87717D20696E4100EEA672 /* HCI Project.app */,
				0A87719920696E4100EEA672 /* HCI ProjectTests.xctest */,
				0A8771A420696E4100EEA672 /* HCI ProjectUITests.xctest */,
			);
			name = Products;
			sourceTree = "<group>";
		};
		0A87717F20696E4100EEA672 /* HCI Project */ = {
			isa = PBXGroup;
			children = (
				0A8771B6206AE4B200EEA672 /* BuckViewController.h */,
				0A8771B7206AE4B200EEA672 /* BuckViewController.m */,
				3CFEFB1B20717A35004B2654 /* ProfileViewController.h */,
				3CFEFB1C20717A35004B2654 /* ProfileViewController.m */,
				0A8771B8206AE4B200EEA672 /* MJDetailViewController.h */,
				0A8771B9206AE4B200EEA672 /* MJDetailViewController.m */,
				0A8771BA206AE4B200EEA672 /* MJDetailViewController.xib */,
				A92E368120865971005A9665 /* ProfileDetailViewController.xib */,
				0A8771BB206AE4B200EEA672 /* MJPopupBackgroundView.h */,
				0A8771BC206AE4B200EEA672 /* MJPopupBackgroundView.m */,
				0A8771BD206AE4B200EEA672 /* UIViewController+MJPopupViewController.h */,
				0A8771BE206AE4B200EEA672 /* UIViewController+MJPopupViewController.m */,
				3CFEFB18207161D4004B2654 /* LoginViewController.h */,
				3CFEFB19207161D4004B2654 /* LoginViewController.m */,
				3CFEFB212072A6F2004B2654 /* LoginSegue.h */,
				3CFEFB222072A6F2004B2654 /* LoginSegue.m */,
				3CFEFB1E2071E8BA004B2654 /* UserInfo.h */,
				3CFEFB1F2071E8BA004B2654 /* UserInfo.m */,
				0A87718320696E4100EEA672 /* AppDelegate.h */,
				0A87718420696E4100EEA672 /* AppDelegate.m */,
				0A9B59D6206BCA1A00B09F2A /* RequestAppointmentHealth.m */,
				0A9B59D5206BC9A400B09F2A /* RequestAppointmentHealth.h */,
				0A8771C6206AE57D00EEA672 /* Calendar.storyboard */,
				0A9B59E4206DA46100B09F2A /* RequestAppointmentCounseling.h */,
				0A9B59E5206DA46100B09F2A /* RequestAppointmentCounseling.m */,
				0A87718920696E4100EEA672 /* HealthCenterViewController.h */,
				0A87718A20696E4100EEA672 /* HealthCenterViewController.m */,
				0A87718C20696E4100EEA672 /* Main.storyboard */,
				0A9B59F32073C3DB00B09F2A /* OtherResourcesViewController.h */,
				0A9B59F42073C3DB00B09F2A /* OtherResourcesViewController.m */,
				0A9B59F02073B2BD00B09F2A /* PeerHealthViewController.h */,
				0A9B59F12073B2BD00B09F2A /* PeerHealthViewController.m */,
				0A9B59ED2073AF9E00B09F2A /* SWAGController.h */,
				0A9B59EE2073AF9E00B09F2A /* SWAGController.m */,
				0A9B59EA2073232D00B09F2A /* MulticulturalViewController.h */,
				0A9B59EB2073232D00B09F2A /* MulticulturalViewController.m */,
				0A9B59E72072A16B00B09F2A /* CounselingViewController.h */,
				0A9B59E82072A16B00B09F2A /* CounselingViewController.m */,
				0A87718F20696E4100EEA672 /* Assets.xcassets */,
				0A87719120696E4100EEA672 /* LaunchScreen.storyboard */,
				0A87719420696E4100EEA672 /* Info.plist */,
				0A87718020696E4100EEA672 /* Supporting Files */,
			);
			name = "HCI Project";
			sourceTree = "<group>";
		};
		0A87718020696E4100EEA672 /* Supporting Files */ = {
			isa = PBXGroup;
			children = (
				0A87718120696E4100EEA672 /* main.m */,
			);
			name = "Supporting Files";
			sourceTree = "<group>";
		};
		0ACDCFC0207D1D4B00003988 /* Fonts */ = {
			isa = PBXGroup;
			children = (
				0ACDCFC1207D1D4B00003988 /* SourceSansPro-Light.otf */,
				0ACDCFC2207D1D4B00003988 /* SourceSansPro-LightIt.otf */,
				0ACDCFC3207D1D4B00003988 /* SourceSansPro-SemiboldIt.otf */,
				0ACDCFC4207D1D4B00003988 /* OpenSans-SemiBold.ttf */,
				0ACDCFC5207D1D4B00003988 /* SourceSansPro-It.otf */,
				0ACDCFC6207D1D4B00003988 /* SourceSansPro-Bold.otf */,
				0ACDCFC7207D1D4B00003988 /* SourceSansPro-Regular.otf */,
				0ACDCFC8207D1D4B00003988 /* SourceSansPro-BoldIt.otf */,
				0ACDCFC9207D1D4B00003988 /* SourceSansPro-BlackIt.otf */,
				0ACDCFCA207D1D4B00003988 /* OpenSans-Light.ttf */,
				0ACDCFCB207D1D4B00003988 /* SourceSansPro-ExtraLightIt.otf */,
				0ACDCFCC207D1D4B00003988 /* OpenSans-Italic.ttf */,
				0ACDCFCD207D1D4B00003988 /* OpenSans-ExtraBold.ttf */,
				0ACDCFCE207D1D4B00003988 /* OpenSans-LightItalic.ttf */,
				0ACDCFCF207D1D4B00003988 /* SourceSansPro-ExtraLight.otf */,
				0ACDCFD0207D1D4B00003988 /* Clarika */,
				0ACDCFFD207D1D4B00003988 /* OpenSans-Bold.ttf */,
				0ACDCFFE207D1D4B00003988 /* SourceSansPro-Semibold.otf */,
				0ACDCFFF207D1D4B00003988 /* OpenSans-SemiBoldItalic.ttf */,
				0ACDD000207D1D4B00003988 /* OpenSans-ExtraBoldItalic.ttf */,
				0ACDD001207D1D4B00003988 /* OpenSans-Regular.ttf */,
				0ACDD002207D1D4B00003988 /* OpenSans-BoldItalic.ttf */,
				0ACDD003207D1D4B00003988 /* SourceSansPro-Black.otf */,
			);
			path = Fonts;
			sourceTree = "<group>";
		};
		0ACDCFD0207D1D4B00003988 /* Clarika */ = {
			isa = PBXGroup;
			children = (
				0ACDCFD1207D1D4B00003988 /* The Refinery - Clarika Grot Black Italic.otf */,
				0ACDCFD2207D1D4B00003988 /* The Refinery - Clarika Geo Thin Italic.otf */,
				0ACDCFD3207D1D4B00003988 /* The Refinery - Clarika Grot UltraThin Italic.otf */,
				0ACDCFD4207D1D4B00003988 /* The Refinery - Clarika Geo UltraBlack.otf */,
				0ACDCFD5207D1D4B00003988 /* The Refinery - Clarika Geo Light.otf */,
				0ACDCFD6207D1D4B00003988 /* The Refinery - Clarika Grot Black.otf */,
				0ACDCFD7207D1D4B00003988 /* The Refinery - Clarika Grot Thin Italic.otf */,
				0ACDCFD8207D1D4B00003988 /* The Refinery - Clarika Grot UltraBlack Italic.otf */,
				0ACDCFD9207D1D4B00003988 /* The Refinery - Clarika Grot Thin.otf */,
				0ACDCFDA207D1D4B00003988 /* ClarikaGeometric-DemiBold.otf */,
				0ACDCFDB207D1D4B00003988 /* ClarikaGeometric-ExtraBold.otf */,
				0ACDCFDC207D1D4B00003988 /* The Refinery - Clarika Grot Bold.otf */,
				0ACDCFDD207D1D4B00003988 /* The Refinery - Clarika Geo Italic.otf */,
				0ACDCFDE207D1D4B00003988 /* The Refinery - Clarika Grot Italic.otf */,
				0ACDCFDF207D1D4B00003988 /* ClarikaGeometric-Regular.otf */,
				0ACDCFE0207D1D4B00003988 /* The Refinery - Clarika Grot UltraBlack.otf */,
				0ACDCFE1207D1D4B00003988 /* The Refinery - Clarika Grot Regular.otf */,
				0ACDCFE2207D1D4B00003988 /* The Refinery - Clarika Grot DemiBold.otf */,
				0ACDCFE3207D1D4B00003988 /* The Refinery - Clarika Grot Bold Italic.otf */,
				0ACDCFE4207D1D4B00003988 /* The Refinery - Clarika Geo DemiBold Italic.otf */,
				0ACDCFE5207D1D4B00003988 /* The Refinery - Clarika Geo UltraThin.otf */,
				0ACDCFE6207D1D4B00003988 /* The Refinery - Clarika Geo Bold Italic.otf */,
				0ACDCFE7207D1D4B00003988 /* The Refinery - Clarika Geo UltraBlack Italic.otf */,
				0ACDCFE8207D1D4B00003988 /* The Refinery - Clarika Grot ExtraBold Italic.otf */,
				0ACDCFE9207D1D4B00003988 /* The Refinery - Clarika Geo Black Italic.otf */,
				0ACDCFEA207D1D4B00003988 /* The Refinery - Clarika Geo Medium Italic.otf */,
				0ACDCFEB207D1D4B00003988 /* ClarikaGeometric-Bold.otf */,
				0ACDCFEC207D1D4B00003988 /* The Refinery - Clarika Grot Light Italic.otf */,
				0ACDCFED207D1D4B00003988 /* The Refinery - Clarika Grot ExtraBold.otf */,
				0ACDCFEE207D1D4B00003988 /* The Refinery - Clarika Grot UltraThin.otf */,
				0ACDCFEF207D1D4B00003988 /* The Refinery - Clarika Grot DemiBold Italic.otf */,
				0ACDCFF0207D1D4B00003988 /* The Refinery - Clarika Grot Medium Italic.otf */,
				0ACDCFF1207D1D4B00003988 /* The Refinery - Clarika Geo ExtraBold Italic.otf */,
				0ACDCFF2207D1D4B00003988 /* The Refinery - Clarika Geo ExtraLight.otf */,
				0ACDCFF3207D1D4B00003988 /* The Refinery - Clarika Grot ExtraLight Italic.otf */,
				0ACDCFF4207D1D4B00003988 /* The Refinery - Clarika Geo Thin.otf */,
				0ACDCFF5207D1D4B00003988 /* The Refinery - Clarika Geo ExtraLight Italic.otf */,
				0ACDCFF6207D1D4B00003988 /* The Refinery - Clarika Geo UltraThin Italic.otf */,
				0ACDCFF7207D1D4B00003988 /* The Refinery - Clarika Grot ExtraLight.otf */,
				0ACDCFF8207D1D4B00003988 /* The Refinery - Clarika Geo Black.otf */,
				0ACDCFF9207D1D4B00003988 /* The Refinery - Clarika Geo Light Italic.otf */,
				0ACDCFFA207D1D4B00003988 /* The Refinery - Clarika Grot Medium.otf */,
				0ACDCFFB207D1D4B00003988 /* The Refinery - Clarika Geo Medium.otf */,
				0ACDCFFC207D1D4B00003988 /* The Refinery - Clarika Grot Light.otf */,
			);
			path = Clarika;
			sourceTree = "<group>";
		};
/* End PBXGroup section */

/* Begin PBXNativeTarget section */
		0A87717C20696E4100EEA672 /* HCI Project */ = {
			isa = PBXNativeTarget;
			buildConfigurationList = 0A8771AD20696E4100EEA672 /* Build configuration list for PBXNativeTarget "HCI Project" */;
			buildPhases = (
				0A87717920696E4100EEA672 /* Sources */,
				0A87717A20696E4100EEA672 /* Frameworks */,
				0A87717B20696E4100EEA672 /* Resources */,
			);
			buildRules = (
			);
			dependencies = (
			);
			name = "HCI Project";
			productName = "HCI Project";
			productReference = 0A87717D20696E4100EEA672 /* HCI Project.app */;
			productType = "com.apple.product-type.application";
		};
		0A87719820696E4100EEA672 /* HCI ProjectTests */ = {
			isa = PBXNativeTarget;
			buildConfigurationList = 0A8771B020696E4100EEA672 /* Build configuration list for PBXNativeTarget "HCI ProjectTests" */;
			buildPhases = (
				0A87719520696E4100EEA672 /* Sources */,
				0A87719620696E4100EEA672 /* Frameworks */,
				0A87719720696E4100EEA672 /* Resources */,
			);
			buildRules = (
			);
			dependencies = (
				0A87719B20696E4100EEA672 /* PBXTargetDependency */,
			);
			name = "HCI ProjectTests";
			productName = "HCI ProjectTests";
			productReference = 0A87719920696E4100EEA672 /* HCI ProjectTests.xctest */;
			productType = "com.apple.product-type.bundle.unit-test";
		};
		0A8771A320696E4100EEA672 /* HCI ProjectUITests */ = {
			isa = PBXNativeTarget;
			buildConfigurationList = 0A8771B320696E4100EEA672 /* Build configuration list for PBXNativeTarget "HCI ProjectUITests" */;
			buildPhases = (
				0A8771A020696E4100EEA672 /* Sources */,
				0A8771A120696E4100EEA672 /* Frameworks */,
				0A8771A220696E4100EEA672 /* Resources */,
			);
			buildRules = (
			);
			dependencies = (
				0A8771A620696E4100EEA672 /* PBXTargetDependency */,
			);
			name = "HCI ProjectUITests";
			productName = "HCI ProjectUITests";
			productReference = 0A8771A420696E4100EEA672 /* HCI ProjectUITests.xctest */;
			productType = "com.apple.product-type.bundle.ui-testing";
		};
/* End PBXNativeTarget section */

/* Begin PBXProject section */
		0A87717520696E4100EEA672 /* Project object */ = {
			isa = PBXProject;
			attributes = {
				LastUpgradeCheck = 0920;
				ORGANIZATIONNAME = "Michelle Albright";
				TargetAttributes = {
					0A87717C20696E4100EEA672 = {
						CreatedOnToolsVersion = 7.3.1;
						DevelopmentTeam = SPKL99M6VN;
					};
					0A87719820696E4100EEA672 = {
						CreatedOnToolsVersion = 7.3.1;
						TestTargetID = 0A87717C20696E4100EEA672;
					};
					0A8771A320696E4100EEA672 = {
						CreatedOnToolsVersion = 7.3.1;
						TestTargetID = 0A87717C20696E4100EEA672;
					};
				};
			};
			buildConfigurationList = 0A87717820696E4100EEA672 /* Build configuration list for PBXProject "HCI Project" */;
			compatibilityVersion = "Xcode 3.2";
			developmentRegion = English;
			hasScannedForEncodings = 0;
			knownRegions = (
				en,
				Base,
			);
			mainGroup = 0A87717420696E4100EEA672;
			productRefGroup = 0A87717E20696E4100EEA672 /* Products */;
			projectDirPath = "";
			projectRoot = "";
			targets = (
				0A87717C20696E4100EEA672 /* HCI Project */,
				0A87719820696E4100EEA672 /* HCI ProjectTests */,
				0A8771A320696E4100EEA672 /* HCI ProjectUITests */,
			);
		};
/* End PBXProject section */

/* Begin PBXResourcesBuildPhase section */
		0A87717B20696E4100EEA672 /* Resources */ = {
			isa = PBXResourcesBuildPhase;
			buildActionMask = 2147483647;
			files = (
				0ACDD008207D1D4B00003988 /* SourceSansPro-It.otf in Resources */,
				0ACDD00B207D1D4B00003988 /* SourceSansPro-BoldIt.otf in Resources */,
				0ACDD021207D1D4B00003988 /* ClarikaGeometric-Regular.otf in Resources */,
				0ACDD045207D1D4B00003988 /* SourceSansPro-Black.otf in Resources */,
				0ACDD010207D1D4B00003988 /* OpenSans-ExtraBold.ttf in Resources */,
				0ACDD039207D1D4B00003988 /* The Refinery - Clarika Grot ExtraLight.otf in Resources */,
				0ACDD01B207D1D4B00003988 /* The Refinery - Clarika Grot Thin.otf in Resources */,
				0ACDD03A207D1D4B00003988 /* The Refinery - Clarika Geo Black.otf in Resources */,
				0ACDD040207D1D4B00003988 /* SourceSansPro-Semibold.otf in Resources */,
				0ACDD023207D1D4B00003988 /* The Refinery - Clarika Grot Regular.otf in Resources */,
				0ACDD02F207D1D4B00003988 /* The Refinery - Clarika Grot ExtraBold.otf in Resources */,
				0ACDD004207D1D4B00003988 /* SourceSansPro-Light.otf in Resources */,
				0ACDD032207D1D4B00003988 /* The Refinery - Clarika Grot Medium Italic.otf in Resources */,
				0ACDD02C207D1D4B00003988 /* The Refinery - Clarika Geo Medium Italic.otf in Resources */,
				0ACDD038207D1D4B00003988 /* The Refinery - Clarika Geo UltraThin Italic.otf in Resources */,
				0ACDD012207D1D4B00003988 /* SourceSansPro-ExtraLight.otf in Resources */,
				0ACDD025207D1D4B00003988 /* The Refinery - Clarika Grot Bold Italic.otf in Resources */,
				0ACDD016207D1D4B00003988 /* The Refinery - Clarika Geo UltraBlack.otf in Resources */,
				0ACDD034207D1D4B00003988 /* The Refinery - Clarika Geo ExtraLight.otf in Resources */,
				0ACDD014207D1D4B00003988 /* The Refinery - Clarika Geo Thin Italic.otf in Resources */,
				0ACDD022207D1D4B00003988 /* The Refinery - Clarika Grot UltraBlack.otf in Resources */,
				0ACDD03B207D1D4B00003988 /* The Refinery - Clarika Geo Light Italic.otf in Resources */,
				0ACDD01A207D1D4B00003988 /* The Refinery - Clarika Grot UltraBlack Italic.otf in Resources */,
				0A8771C2206AE4B200EEA672 /* MJDetailViewController.xib in Resources */,
				0ACDD01E207D1D4B00003988 /* The Refinery - Clarika Grot Bold.otf in Resources */,
				0ACDD044207D1D4B00003988 /* OpenSans-BoldItalic.ttf in Resources */,
				0A87719320696E4100EEA672 /* LaunchScreen.storyboard in Resources */,
				0ACDD020207D1D4B00003988 /* The Refinery - Clarika Grot Italic.otf in Resources */,
				0ACDD015207D1D4B00003988 /* The Refinery - Clarika Grot UltraThin Italic.otf in Resources */,
				0ACDD036207D1D4B00003988 /* The Refinery - Clarika Geo Thin.otf in Resources */,
				0ACDD042207D1D4B00003988 /* OpenSans-ExtraBoldItalic.ttf in Resources */,
				0ACDD00D207D1D4B00003988 /* OpenSans-Light.ttf in Resources */,
				0ACDD00A207D1D4B00003988 /* SourceSansPro-Regular.otf in Resources */,
				0ACDD007207D1D4B00003988 /* OpenSans-SemiBold.ttf in Resources */,
				0ACDD029207D1D4B00003988 /* The Refinery - Clarika Geo UltraBlack Italic.otf in Resources */,
				0ACDD030207D1D4B00003988 /* The Refinery - Clarika Grot UltraThin.otf in Resources */,
				0ACDD03C207D1D4B00003988 /* The Refinery - Clarika Grot Medium.otf in Resources */,
				0ACDD037207D1D4B00003988 /* The Refinery - Clarika Geo ExtraLight Italic.otf in Resources */,
				0ACDD02A207D1D4B00003988 /* The Refinery - Clarika Grot ExtraBold Italic.otf in Resources */,
				0ACDD019207D1D4B00003988 /* The Refinery - Clarika Grot Thin Italic.otf in Resources */,
				0ACDD02B207D1D4B00003988 /* The Refinery - Clarika Geo Black Italic.otf in Resources */,
				0ACDD035207D1D4B00003988 /* The Refinery - Clarika Grot ExtraLight Italic.otf in Resources */,
				0ACDD018207D1D4B00003988 /* The Refinery - Clarika Grot Black.otf in Resources */,
				0ACDD03E207D1D4B00003988 /* The Refinery - Clarika Grot Light.otf in Resources */,
				0ACDD013207D1D4B00003988 /* The Refinery - Clarika Grot Black Italic.otf in Resources */,
				0A8771C7206AE57D00EEA672 /* Calendar.storyboard in Resources */,
				0ACDD005207D1D4B00003988 /* SourceSansPro-LightIt.otf in Resources */,
				0ACDD009207D1D4B00003988 /* SourceSansPro-Bold.otf in Resources */,
				0ACDD00E207D1D4B00003988 /* SourceSansPro-ExtraLightIt.otf in Resources */,
				0ACDD03D207D1D4B00003988 /* The Refinery - Clarika Geo Medium.otf in Resources */,
				0ACDD017207D1D4B00003988 /* The Refinery - Clarika Geo Light.otf in Resources */,
				0ACDD033207D1D4B00003988 /* The Refinery - Clarika Geo ExtraBold Italic.otf in Resources */,
				0ACDD028207D1D4B00003988 /* The Refinery - Clarika Geo Bold Italic.otf in Resources */,
				0ACDD027207D1D4B00003988 /* The Refinery - Clarika Geo UltraThin.otf in Resources */,
				0ACDD00F207D1D4B00003988 /* OpenSans-Italic.ttf in Resources */,
				A92E368220865971005A9665 /* ProfileDetailViewController.xib in Resources */,
				0ACDD041207D1D4B00003988 /* OpenSans-SemiBoldItalic.ttf in Resources */,
				0ACDD02D207D1D4B00003988 /* ClarikaGeometric-Bold.otf in Resources */,
				0ACDD03F207D1D4B00003988 /* OpenSans-Bold.ttf in Resources */,
				0ACDD011207D1D4B00003988 /* OpenSans-LightItalic.ttf in Resources */,
				0ACDD02E207D1D4B00003988 /* The Refinery - Clarika Grot Light Italic.otf in Resources */,
				0ACDD024207D1D4B00003988 /* The Refinery - Clarika Grot DemiBold.otf in Resources */,
				0A87719020696E4100EEA672 /* Assets.xcassets in Resources */,
				0A87718E20696E4100EEA672 /* Main.storyboard in Resources */,
				0ACDD00C207D1D4B00003988 /* SourceSansPro-BlackIt.otf in Resources */,
				0ACDD01D207D1D4B00003988 /* ClarikaGeometric-ExtraBold.otf in Resources */,
				0ACDD031207D1D4B00003988 /* The Refinery - Clarika Grot DemiBold Italic.otf in Resources */,
				0ACDD01C207D1D4B00003988 /* ClarikaGeometric-DemiBold.otf in Resources */,
				0ACDD01F207D1D4B00003988 /* The Refinery - Clarika Geo Italic.otf in Resources */,
				0ACDD026207D1D4B00003988 /* The Refinery - Clarika Geo DemiBold Italic.otf in Resources */,
				0ACDD043207D1D4B00003988 /* OpenSans-Regular.ttf in Resources */,
				0ACDD006207D1D4B00003988 /* SourceSansPro-SemiboldIt.otf in Resources */,
			);
			runOnlyForDeploymentPostprocessing = 0;
		};
		0A87719720696E4100EEA672 /* Resources */ = {
			isa = PBXResourcesBuildPhase;
			buildActionMask = 2147483647;
			files = (
			);
			runOnlyForDeploymentPostprocessing = 0;
		};
		0A8771A220696E4100EEA672 /* Resources */ = {
			isa = PBXResourcesBuildPhase;
			buildActionMask = 2147483647;
			files = (
			);
			runOnlyForDeploymentPostprocessing = 0;
		};
/* End PBXResourcesBuildPhase section */

/* Begin PBXSourcesBuildPhase section */
		0A87717920696E4100EEA672 /* Sources */ = {
			isa = PBXSourcesBuildPhase;
			buildActionMask = 2147483647;
			files = (
				0A9B59EC2073232D00B09F2A /* MulticulturalViewController.m in Sources */,
				0A9B59D7206BCA1B00B09F2A /* RequestAppointmentHealth.m in Sources */,
				0A87718B20696E4100EEA672 /* HealthCenterViewController.m in Sources */,
				0A9B59F52073C3DB00B09F2A /* OtherResourcesViewController.m in Sources */,
				0A87718520696E4100EEA672 /* AppDelegate.m in Sources */,
				0A9B59E92072A16B00B09F2A /* CounselingViewController.m in Sources */,
				0A8771C1206AE4B200EEA672 /* MJDetailViewController.m in Sources */,
				0A9B59F22073B2BD00B09F2A /* PeerHealthViewController.m in Sources */,
				3CFEFB202071E8BA004B2654 /* UserInfo.m in Sources */,
				3CFEFB1A207161D4004B2654 /* LoginViewController.m in Sources */,
				0A87718220696E4100EEA672 /* main.m in Sources */,
				0A8771C4206AE4B200EEA672 /* UIViewController+MJPopupViewController.m in Sources */,
				3CFEFB232072A6F2004B2654 /* LoginSegue.m in Sources */,
				0A8771C0206AE4B200EEA672 /* BuckViewController.m in Sources */,
				3CFEFB1D20717A35004B2654 /* ProfileViewController.m in Sources */,
				0A8771C3206AE4B200EEA672 /* MJPopupBackgroundView.m in Sources */,
				0A9B59E6206DA46100B09F2A /* RequestAppointmentCounseling.m in Sources */,
				0A9B59EF2073AF9E00B09F2A /* SWAGController.m in Sources */,
			);
			runOnlyForDeploymentPostprocessing = 0;
		};
		0A87719520696E4100EEA672 /* Sources */ = {
			isa = PBXSourcesBuildPhase;
			buildActionMask = 2147483647;
			files = (
			);
			runOnlyForDeploymentPostprocessing = 0;
		};
		0A8771A020696E4100EEA672 /* Sources */ = {
			isa = PBXSourcesBuildPhase;
			buildActionMask = 2147483647;
			files = (
			);
			runOnlyForDeploymentPostprocessing = 0;
		};
/* End PBXSourcesBuildPhase section */

/* Begin PBXTargetDependency section */
		0A87719B20696E4100EEA672 /* PBXTargetDependency */ = {
			isa = PBXTargetDependency;
			target = 0A87717C20696E4100EEA672 /* HCI Project */;
			targetProxy = 0A87719A20696E4100EEA672 /* PBXContainerItemProxy */;
		};
		0A8771A620696E4100EEA672 /* PBXTargetDependency */ = {
			isa = PBXTargetDependency;
			target = 0A87717C20696E4100EEA672 /* HCI Project */;
			targetProxy = 0A8771A520696E4100EEA672 /* PBXContainerItemProxy */;
		};
/* End PBXTargetDependency section */

/* Begin PBXVariantGroup section */
		0A87718C20696E4100EEA672 /* Main.storyboard */ = {
			isa = PBXVariantGroup;
			children = (
				0A87718D20696E4100EEA672 /* Base */,
			);
			name = Main.storyboard;
			sourceTree = "<group>";
		};
		0A87719120696E4100EEA672 /* LaunchScreen.storyboard */ = {
			isa = PBXVariantGroup;
			children = (
				0A87719220696E4100EEA672 /* Base */,
			);
			name = LaunchScreen.storyboard;
			sourceTree = "<group>";
		};
/* End PBXVariantGroup section */

/* Begin XCBuildConfiguration section */
		0A8771AB20696E4100EEA672 /* Debug */ = {
			isa = XCBuildConfiguration;
			buildSettings = {
				ALWAYS_SEARCH_USER_PATHS = NO;
				CLANG_ANALYZER_NONNULL = YES;
				CLANG_CXX_LANGUAGE_STANDARD = "gnu++0x";
				CLANG_CXX_LIBRARY = "libc++";
				CLANG_ENABLE_MODULES = YES;
				CLANG_ENABLE_OBJC_ARC = YES;
				CLANG_WARN_BLOCK_CAPTURE_AUTORELEASING = YES;
				CLANG_WARN_BOOL_CONVERSION = YES;
				CLANG_WARN_COMMA = YES;
				CLANG_WARN_CONSTANT_CONVERSION = YES;
				CLANG_WARN_DIRECT_OBJC_ISA_USAGE = YES_ERROR;
				CLANG_WARN_EMPTY_BODY = YES;
				CLANG_WARN_ENUM_CONVERSION = YES;
				CLANG_WARN_INFINITE_RECURSION = YES;
				CLANG_WARN_INT_CONVERSION = YES;
				CLANG_WARN_NON_LITERAL_NULL_CONVERSION = YES;
				CLANG_WARN_OBJC_LITERAL_CONVERSION = YES;
				CLANG_WARN_OBJC_ROOT_CLASS = YES_ERROR;
				CLANG_WARN_RANGE_LOOP_ANALYSIS = YES;
				CLANG_WARN_STRICT_PROTOTYPES = YES;
				CLANG_WARN_SUSPICIOUS_MOVE = YES;
				CLANG_WARN_UNREACHABLE_CODE = YES;
				CLANG_WARN__DUPLICATE_METHOD_MATCH = YES;
				"CODE_SIGN_IDENTITY[sdk=iphoneos*]" = "iPhone Developer";
				COPY_PHASE_STRIP = NO;
				DEBUG_INFORMATION_FORMAT = dwarf;
				ENABLE_STRICT_OBJC_MSGSEND = YES;
				ENABLE_TESTABILITY = YES;
				GCC_C_LANGUAGE_STANDARD = gnu99;
				GCC_DYNAMIC_NO_PIC = NO;
				GCC_NO_COMMON_BLOCKS = YES;
				GCC_OPTIMIZATION_LEVEL = 0;
				GCC_PREPROCESSOR_DEFINITIONS = (
					"DEBUG=1",
					"$(inherited)",
				);
				GCC_WARN_64_TO_32_BIT_CONVERSION = YES;
				GCC_WARN_ABOUT_RETURN_TYPE = YES_ERROR;
				GCC_WARN_UNDECLARED_SELECTOR = YES;
				GCC_WARN_UNINITIALIZED_AUTOS = YES_AGGRESSIVE;
				GCC_WARN_UNUSED_FUNCTION = YES;
				GCC_WARN_UNUSED_VARIABLE = YES;
				IPHONEOS_DEPLOYMENT_TARGET = 8.4;
				MTL_ENABLE_DEBUG_INFO = YES;
				ONLY_ACTIVE_ARCH = YES;
				SDKROOT = iphoneos;
				TARGETED_DEVICE_FAMILY = "1,2";
			};
			name = Debug;
		};
		0A8771AC20696E4100EEA672 /* Release */ = {
			isa = XCBuildConfiguration;
			buildSettings = {
				ALWAYS_SEARCH_USER_PATHS = NO;
				CLANG_ANALYZER_NONNULL = YES;
				CLANG_CXX_LANGUAGE_STANDARD = "gnu++0x";
				CLANG_CXX_LIBRARY = "libc++";
				CLANG_ENABLE_MODULES = YES;
				CLANG_ENABLE_OBJC_ARC = YES;
				CLANG_WARN_BLOCK_CAPTURE_AUTORELEASING = YES;
				CLANG_WARN_BOOL_CONVERSION = YES;
				CLANG_WARN_COMMA = YES;
				CLANG_WARN_CONSTANT_CONVERSION = YES;
				CLANG_WARN_DIRECT_OBJC_ISA_USAGE = YES_ERROR;
				CLANG_WARN_EMPTY_BODY = YES;
				CLANG_WARN_ENUM_CONVERSION = YES;
				CLANG_WARN_INFINITE_RECURSION = YES;
				CLANG_WARN_INT_CONVERSION = YES;
				CLANG_WARN_NON_LITERAL_NULL_CONVERSION = YES;
				CLANG_WARN_OBJC_LITERAL_CONVERSION = YES;
				CLANG_WARN_OBJC_ROOT_CLASS = YES_ERROR;
				CLANG_WARN_RANGE_LOOP_ANALYSIS = YES;
				CLANG_WARN_STRICT_PROTOTYPES = YES;
				CLANG_WARN_SUSPICIOUS_MOVE = YES;
				CLANG_WARN_UNREACHABLE_CODE = YES;
				CLANG_WARN__DUPLICATE_METHOD_MATCH = YES;
				"CODE_SIGN_IDENTITY[sdk=iphoneos*]" = "iPhone Developer";
				COPY_PHASE_STRIP = NO;
				DEBUG_INFORMATION_FORMAT = "dwarf-with-dsym";
				ENABLE_NS_ASSERTIONS = NO;
				ENABLE_STRICT_OBJC_MSGSEND = YES;
				GCC_C_LANGUAGE_STANDARD = gnu99;
				GCC_NO_COMMON_BLOCKS = YES;
				GCC_WARN_64_TO_32_BIT_CONVERSION = YES;
				GCC_WARN_ABOUT_RETURN_TYPE = YES_ERROR;
				GCC_WARN_UNDECLARED_SELECTOR = YES;
				GCC_WARN_UNINITIALIZED_AUTOS = YES_AGGRESSIVE;
				GCC_WARN_UNUSED_FUNCTION = YES;
				GCC_WARN_UNUSED_VARIABLE = YES;
				IPHONEOS_DEPLOYMENT_TARGET = 8.4;
				MTL_ENABLE_DEBUG_INFO = NO;
				SDKROOT = iphoneos;
				TARGETED_DEVICE_FAMILY = "1,2";
				VALIDATE_PRODUCT = YES;
			};
			name = Release;
		};
		0A8771AE20696E4100EEA672 /* Debug */ = {
			isa = XCBuildConfiguration;
			buildSettings = {
				ASSETCATALOG_COMPILER_APPICON_NAME = AppIcon;
				DEVELOPMENT_TEAM = SPKL99M6VN;
				INFOPLIST_FILE = "$(SRCROOT)/Info.plist";
				LD_RUNPATH_SEARCH_PATHS = "$(inherited) @executable_path/Frameworks";
				"MTL_ENABLE_DEBUG_INFO[arch=*]" = default;
				PRODUCT_BUNDLE_IDENTIFIER = "Systems.HCI-Project";
				PRODUCT_NAME = "$(TARGET_NAME)";
			};
			name = Debug;
		};
		0A8771AF20696E4100EEA672 /* Release */ = {
			isa = XCBuildConfiguration;
			buildSettings = {
				ASSETCATALOG_COMPILER_APPICON_NAME = AppIcon;
				DEVELOPMENT_TEAM = SPKL99M6VN;
				INFOPLIST_FILE = "$(SRCROOT)/Info.plist";
				LD_RUNPATH_SEARCH_PATHS = "$(inherited) @executable_path/Frameworks";
				PRODUCT_BUNDLE_IDENTIFIER = "Systems.HCI-Project";
				PRODUCT_NAME = "$(TARGET_NAME)";
			};
			name = Release;
		};
		0A8771B120696E4100EEA672 /* Debug */ = {
			isa = XCBuildConfiguration;
			buildSettings = {
				BUNDLE_LOADER = "$(TEST_HOST)";
				INFOPLIST_FILE = "HCI ProjectTests/Info.plist";
				LD_RUNPATH_SEARCH_PATHS = "$(inherited) @executable_path/Frameworks @loader_path/Frameworks";
				PRODUCT_BUNDLE_IDENTIFIER = "Systems.HCI-ProjectTests";
				PRODUCT_NAME = "$(TARGET_NAME)";
				TEST_HOST = "$(BUILT_PRODUCTS_DIR)/HCI Project.app/HCI Project";
			};
			name = Debug;
		};
		0A8771B220696E4100EEA672 /* Release */ = {
			isa = XCBuildConfiguration;
			buildSettings = {
				BUNDLE_LOADER = "$(TEST_HOST)";
				INFOPLIST_FILE = "HCI ProjectTests/Info.plist";
				LD_RUNPATH_SEARCH_PATHS = "$(inherited) @executable_path/Frameworks @loader_path/Frameworks";
				PRODUCT_BUNDLE_IDENTIFIER = "Systems.HCI-ProjectTests";
				PRODUCT_NAME = "$(TARGET_NAME)";
				TEST_HOST = "$(BUILT_PRODUCTS_DIR)/HCI Project.app/HCI Project";
			};
			name = Release;
		};
		0A8771B420696E4100EEA672 /* Debug */ = {
			isa = XCBuildConfiguration;
			buildSettings = {
				INFOPLIST_FILE = "HCI ProjectUITests/Info.plist";
				LD_RUNPATH_SEARCH_PATHS = "$(inherited) @executable_path/Frameworks @loader_path/Frameworks";
				PRODUCT_BUNDLE_IDENTIFIER = "Systems.HCI-ProjectUITests";
				PRODUCT_NAME = "$(TARGET_NAME)";
				TEST_TARGET_NAME = "HCI Project";
			};
			name = Debug;
		};
		0A8771B520696E4100EEA672 /* Release */ = {
			isa = XCBuildConfiguration;
			buildSettings = {
				INFOPLIST_FILE = "HCI ProjectUITests/Info.plist";
				LD_RUNPATH_SEARCH_PATHS = "$(inherited) @executable_path/Frameworks @loader_path/Frameworks";
				PRODUCT_BUNDLE_IDENTIFIER = "Systems.HCI-ProjectUITests";
				PRODUCT_NAME = "$(TARGET_NAME)";
				TEST_TARGET_NAME = "HCI Project";
			};
			name = Release;
		};
/* End XCBuildConfiguration section */

/* Begin XCConfigurationList section */
		0A87717820696E4100EEA672 /* Build configuration list for PBXProject "HCI Project" */ = {
			isa = XCConfigurationList;
			buildConfigurations = (
				0A8771AB20696E4100EEA672 /* Debug */,
				0A8771AC20696E4100EEA672 /* Release */,
			);
			defaultConfigurationIsVisible = 0;
			defaultConfigurationName = Release;
		};
		0A8771AD20696E4100EEA672 /* Build configuration list for PBXNativeTarget "HCI Project" */ = {
			isa = XCConfigurationList;
			buildConfigurations = (
				0A8771AE20696E4100EEA672 /* Debug */,
				0A8771AF20696E4100EEA672 /* Release */,
			);
			defaultConfigurationIsVisible = 0;
			defaultConfigurationName = Release;
		};
		0A8771B020696E4100EEA672 /* Build configuration list for PBXNativeTarget "HCI ProjectTests" */ = {
			isa = XCConfigurationList;
			buildConfigurations = (
				0A8771B120696E4100EEA672 /* Debug */,
				0A8771B220696E4100EEA672 /* Release */,
			);
			defaultConfigurationIsVisible = 0;
			defaultConfigurationName = Release;
		};
		0A8771B320696E4100EEA672 /* Build configuration list for PBXNativeTarget "HCI ProjectUITests" */ = {
			isa = XCConfigurationList;
			buildConfigurations = (
				0A8771B420696E4100EEA672 /* Debug */,
				0A8771B520696E4100EEA672 /* Release */,
			);
			defaultConfigurationIsVisible = 0;
			defaultConfigurationName = Release;
		};
/* End XCConfigurationList section */
	};
	rootObject = 0A87717520696E4100EEA672 /* Project object */;
}
